// !$*UTF8*$!
{
	archiveVersion = 1;
	classes = {
	};
	objectVersion = 46;
	objects = {

/* Begin PBXBuildFile section */
		040B51BF1EAE82500025E7D9 /* GeometryDeserializer.m in Sources */ = {isa = PBXBuildFile; fileRef = 040B51BE1EAE82500025E7D9 /* GeometryDeserializer.m */; };
		048E23D51EAFACDF0001DB3E /* GeometryUtility.m in Sources */ = {isa = PBXBuildFile; fileRef = 048E23D41EAFACDF0001DB3E /* GeometryUtility.m */; };
		048E23D81EAFD8B40001DB3E /* GeometrySerializer.m in Sources */ = {isa = PBXBuildFile; fileRef = 048E23D71EAFD8B40001DB3E /* GeometrySerializer.m */; };
		049C654A1E53A9FB005F4FA4 /* SessionTaskQueue.m in Sources */ = {isa = PBXBuildFile; fileRef = 049C65491E53A9FB005F4FA4 /* SessionTaskQueue.m */; };
		049C654D1E53B571005F4FA4 /* SessionTask.m in Sources */ = {isa = PBXBuildFile; fileRef = 049C654C1E53B571005F4FA4 /* SessionTask.m */; };
		049C65501E55E60E005F4FA4 /* TaskSessionManager.m in Sources */ = {isa = PBXBuildFile; fileRef = 049C654F1E55E60E005F4FA4 /* TaskSessionManager.m */; };
		2F01652D199D1C6D00C4862B /* LocationFetchService.m in Sources */ = {isa = PBXBuildFile; fileRef = 2F01652C199D1C6D00C4862B /* LocationFetchService.m */; };
		2F01653319A2A88D00C4862B /* LocationService.m in Sources */ = {isa = PBXBuildFile; fileRef = 2F01653219A2A88D00C4862B /* LocationService.m */; };
		2F01653A19A4F11E00C4862B /* NSDate+Iso8601.m in Sources */ = {isa = PBXBuildFile; fileRef = 2F01653919A4F11E00C4862B /* NSDate+Iso8601.m */; };
		2F2190111FC5D218001E4A84 /* GoogleAuthentication.m in Sources */ = {isa = PBXBuildFile; fileRef = 2F21900F1FC5D218001E4A84 /* GoogleAuthentication.m */; };
		2F2190141FC5D22E001E4A84 /* ObservationImage.m in Sources */ = {isa = PBXBuildFile; fileRef = 2F2190121FC5D22E001E4A84 /* ObservationImage.m */; };
		2F2190171FC5D247001E4A84 /* NotificationRequester.m in Sources */ = {isa = PBXBuildFile; fileRef = 2F2190151FC5D247001E4A84 /* NotificationRequester.m */; };
		2F2190251FC5D25D001E4A84 /* mage-ios-sdk.xcdatamodeld in Sources */ = {isa = PBXBuildFile; fileRef = 2F2190181FC5D25D001E4A84 /* mage-ios-sdk.xcdatamodeld */; };
		2F2A76EB19A7DE8D0008E7DD /* ObservationFetchService.m in Sources */ = {isa = PBXBuildFile; fileRef = 2F2A76EA19A7DE8D0008E7DD /* ObservationFetchService.m */; };
		2F5332641CC154C3006E92E1 /* Attachment.m in Sources */ = {isa = PBXBuildFile; fileRef = 2F5332391CC154C3006E92E1 /* Attachment.m */; };
		2F5332661CC154C3006E92E1 /* Event.m in Sources */ = {isa = PBXBuildFile; fileRef = 2F53323D1CC154C3006E92E1 /* Event.m */; };
		2F5332681CC154C3006E92E1 /* GPSLocation.m in Sources */ = {isa = PBXBuildFile; fileRef = 2F5332411CC154C3006E92E1 /* GPSLocation.m */; };
		2F53326A1CC154C3006E92E1 /* Layer.m in Sources */ = {isa = PBXBuildFile; fileRef = 2F5332451CC154C3006E92E1 /* Layer.m */; };
		2F53326C1CC154C3006E92E1 /* Location.m in Sources */ = {isa = PBXBuildFile; fileRef = 2F5332491CC154C3006E92E1 /* Location.m */; };
		2F53326E1CC154C3006E92E1 /* Observation.m in Sources */ = {isa = PBXBuildFile; fileRef = 2F53324D1CC154C3006E92E1 /* Observation.m */; };
		2F5332701CC154C3006E92E1 /* Role.m in Sources */ = {isa = PBXBuildFile; fileRef = 2F5332511CC154C3006E92E1 /* Role.m */; };
		2F5332721CC154C3006E92E1 /* Server.m in Sources */ = {isa = PBXBuildFile; fileRef = 2F5332551CC154C3006E92E1 /* Server.m */; };
		2F5332741CC154C3006E92E1 /* StaticLayer.m in Sources */ = {isa = PBXBuildFile; fileRef = 2F5332591CC154C3006E92E1 /* StaticLayer.m */; };
		2F5332761CC154C3006E92E1 /* Team.m in Sources */ = {isa = PBXBuildFile; fileRef = 2F53325D1CC154C3006E92E1 /* Team.m */; };
		2F5332781CC154C3006E92E1 /* User.m in Sources */ = {isa = PBXBuildFile; fileRef = 2F5332611CC154C3006E92E1 /* User.m */; };
		2F5332D51CC557F3006E92E1 /* GPSLocation+CoreDataProperties.m in Sources */ = {isa = PBXBuildFile; fileRef = 2F5332C01CC557F3006E92E1 /* GPSLocation+CoreDataProperties.m */; };
		2F5332D71CC557F3006E92E1 /* Attachment+CoreDataProperties.m in Sources */ = {isa = PBXBuildFile; fileRef = 2F5332C41CC557F3006E92E1 /* Attachment+CoreDataProperties.m */; };
		2F5332D81CC557F3006E92E1 /* Role+CoreDataProperties.m in Sources */ = {isa = PBXBuildFile; fileRef = 2F5332C61CC557F3006E92E1 /* Role+CoreDataProperties.m */; };
		2F5332D91CC557F3006E92E1 /* Event+CoreDataProperties.m in Sources */ = {isa = PBXBuildFile; fileRef = 2F5332C81CC557F3006E92E1 /* Event+CoreDataProperties.m */; };
		2F5332DA1CC557F3006E92E1 /* Team+CoreDataProperties.m in Sources */ = {isa = PBXBuildFile; fileRef = 2F5332CA1CC557F3006E92E1 /* Team+CoreDataProperties.m */; };
		2F5332DB1CC557F3006E92E1 /* User+CoreDataProperties.m in Sources */ = {isa = PBXBuildFile; fileRef = 2F5332CC1CC557F3006E92E1 /* User+CoreDataProperties.m */; };
		2F5332DC1CC557F3006E92E1 /* Location+CoreDataProperties.m in Sources */ = {isa = PBXBuildFile; fileRef = 2F5332CE1CC557F3006E92E1 /* Location+CoreDataProperties.m */; };
		2F5332DD1CC557F3006E92E1 /* Server+CoreDataProperties.m in Sources */ = {isa = PBXBuildFile; fileRef = 2F5332D01CC557F3006E92E1 /* Server+CoreDataProperties.m */; };
		2F5332DE1CC557F3006E92E1 /* StaticLayer+CoreDataProperties.m in Sources */ = {isa = PBXBuildFile; fileRef = 2F5332D21CC557F3006E92E1 /* StaticLayer+CoreDataProperties.m */; };
		2F5332DF1CC557F3006E92E1 /* Layer+CoreDataProperties.m in Sources */ = {isa = PBXBuildFile; fileRef = 2F5332D41CC557F3006E92E1 /* Layer+CoreDataProperties.m */; };
		2F58BC261BFBBFE500B3B09D /* OAuthAuthentication.m in Sources */ = {isa = PBXBuildFile; fileRef = 2F58BC251BFBBFE500B3B09D /* OAuthAuthentication.m */; };
		2F58BC291BFBF64000B3B09D /* MagicalRecord+MAGE.m in Sources */ = {isa = PBXBuildFile; fileRef = 2F58BC281BFBF64000B3B09D /* MagicalRecord+MAGE.m */; };
		2F92D10E1D91CD6900CC0149 /* ObservationFavorite.m in Sources */ = {isa = PBXBuildFile; fileRef = 2F92D10A1D91CD6900CC0149 /* ObservationFavorite.m */; };
		2F92D10F1D91CD6900CC0149 /* ObservationFavorite+CoreDataProperties.m in Sources */ = {isa = PBXBuildFile; fileRef = 2F92D10C1D91CD6900CC0149 /* ObservationFavorite+CoreDataProperties.m */; };
		2FA2C7EC1EA2AAD80074C8B3 /* Observation+CoreDataProperties.m in Sources */ = {isa = PBXBuildFile; fileRef = 2FA2C7EB1EA2AAD80074C8B3 /* Observation+CoreDataProperties.m */; };
		2FA5712C1D904D4A00B2F0CE /* ObservationImportant.m in Sources */ = {isa = PBXBuildFile; fileRef = 2FA571271D904D4A00B2F0CE /* ObservationImportant.m */; };
		2FA5712D1D904D4A00B2F0CE /* ObservationImportant+CoreDataProperties.m in Sources */ = {isa = PBXBuildFile; fileRef = 2FA571291D904D4A00B2F0CE /* ObservationImportant+CoreDataProperties.m */; };
		2FFE499819EC347300BC8922 /* MageServer.m in Sources */ = {isa = PBXBuildFile; fileRef = 2FFE499719EC347300BC8922 /* MageServer.m */; };
		4CAF957618C62E0100A41CB8 /* Foundation.framework in Frameworks */ = {isa = PBXBuildFile; fileRef = 4CAF957518C62E0100A41CB8 /* Foundation.framework */; };
		4CAF958418C62E0100A41CB8 /* XCTest.framework in Frameworks */ = {isa = PBXBuildFile; fileRef = 4CAF958318C62E0100A41CB8 /* XCTest.framework */; };
		4CAF958518C62E0100A41CB8 /* Foundation.framework in Frameworks */ = {isa = PBXBuildFile; fileRef = 4CAF957518C62E0100A41CB8 /* Foundation.framework */; };
		4CAF958718C62E0100A41CB8 /* UIKit.framework in Frameworks */ = {isa = PBXBuildFile; fileRef = 4CAF958618C62E0100A41CB8 /* UIKit.framework */; };
		4CAF958A18C62E0100A41CB8 /* libmage-ios-sdk.a in Frameworks */ = {isa = PBXBuildFile; fileRef = 4CAF957218C62E0100A41CB8 /* libmage-ios-sdk.a */; };
		4CAF959018C62E0100A41CB8 /* InfoPlist.strings in Resources */ = {isa = PBXBuildFile; fileRef = 4CAF958E18C62E0100A41CB8 /* InfoPlist.strings */; };
		4CAF959218C62E0100A41CB8 /* AuthenticationTests.m in Sources */ = {isa = PBXBuildFile; fileRef = 4CAF959118C62E0100A41CB8 /* AuthenticationTests.m */; };
		4CAF95A018C62F7C00A41CB8 /* LocalAuthentication.m in Sources */ = {isa = PBXBuildFile; fileRef = 4CAF959F18C62F7C00A41CB8 /* LocalAuthentication.m */; };
		4CAF95A318C6616300A41CB8 /* Authentication.m in Sources */ = {isa = PBXBuildFile; fileRef = 4CAF95A218C6616300A41CB8 /* Authentication.m */; };
		562F7E975AEBCF980A122698 /* Pods_mage_ios_sdk.framework in Frameworks */ = {isa = PBXBuildFile; fileRef = 6A2B85A19F2B3D4DE97AA83B /* Pods_mage_ios_sdk.framework */; };
		689F6552DA70E9C0963FC1E0 /* Pods_mage_ios_sdkTests.framework in Frameworks */ = {isa = PBXBuildFile; fileRef = 6400D88547ABE980196068F1 /* Pods_mage_ios_sdkTests.framework */; };
		F75DD31A1A9F9F230007FA3F /* NSString+Contains.m in Sources */ = {isa = PBXBuildFile; fileRef = F75DD3191A9F9F230007FA3F /* NSString+Contains.m */; };
		F76655861A30EAEB00558EBB /* AttachmentPushService.m in Sources */ = {isa = PBXBuildFile; fileRef = F76655851A30EAEB00558EBB /* AttachmentPushService.m */; };
		F768E9C8191D095B003287E3 /* ObservationTests.m in Sources */ = {isa = PBXBuildFile; fileRef = F768E9C7191D095B003287E3 /* ObservationTests.m */; };
		F768E9CB191D0E6E003287E3 /* ServerAuthentication.m in Sources */ = {isa = PBXBuildFile; fileRef = F768E9CA191D0E6E003287E3 /* ServerAuthentication.m */; };
		F768E9CE191D1C7B003287E3 /* MageSessionManager.m in Sources */ = {isa = PBXBuildFile; fileRef = F768E9CD191D1C7B003287E3 /* MageSessionManager.m */; };
		F7971BD61A03F50D001505F0 /* ObservationPushService.m in Sources */ = {isa = PBXBuildFile; fileRef = F7971BD51A03F50D001505F0 /* ObservationPushService.m */; };
		F79E5D0E21138E3F004C3902 /* Canary.m in Sources */ = {isa = PBXBuildFile; fileRef = F79E5D0A21138E3F004C3902 /* Canary.m */; };
		F79E5D0F21138E3F004C3902 /* Canary+CoreDataProperties.m in Sources */ = {isa = PBXBuildFile; fileRef = F79E5D0C21138E3F004C3902 /* Canary+CoreDataProperties.m */; };
		F7A87F351AA51695001AEDF4 /* Mage.m in Sources */ = {isa = PBXBuildFile; fileRef = F7A87F341AA51695001AEDF4 /* Mage.m */; };
		F7B25E24191AB5A900589E5B /* CoreLocation.framework in Frameworks */ = {isa = PBXBuildFile; fileRef = F7B25E23191AB5A900589E5B /* CoreLocation.framework */; };
		F7B679751959CF2D0035596A /* MageEnums.m in Sources */ = {isa = PBXBuildFile; fileRef = F7B679741959CF2D0035596A /* MageEnums.m */; };
		F7C5FB7B195DDFF30065379C /* Form.m in Sources */ = {isa = PBXBuildFile; fileRef = F7C5FB7A195DDFF30065379C /* Form.m */; };
		F7F133621975857000E79762 /* UserUtility.m in Sources */ = {isa = PBXBuildFile; fileRef = F7F133611975857000E79762 /* UserUtility.m */; };
		F7F7B7D91A6EDE1100270D61 /* StoredPassword.m in Sources */ = {isa = PBXBuildFile; fileRef = F7F7B7D81A6EDE1100270D61 /* StoredPassword.m */; };
/* End PBXBuildFile section */

/* Begin PBXContainerItemProxy section */
		4CAF958818C62E0100A41CB8 /* PBXContainerItemProxy */ = {
			isa = PBXContainerItemProxy;
			containerPortal = 4CAF956A18C62E0100A41CB8 /* Project object */;
			proxyType = 1;
			remoteGlobalIDString = 4CAF957118C62E0100A41CB8;
			remoteInfo = "mage-ios-sdk";
		};
/* End PBXContainerItemProxy section */

/* Begin PBXCopyFilesBuildPhase section */
		4CAF957018C62E0100A41CB8 /* CopyFiles */ = {
			isa = PBXCopyFilesBuildPhase;
			buildActionMask = 2147483647;
			dstPath = "include/$(PRODUCT_NAME)";
			dstSubfolderSpec = 16;
			files = (
			);
			runOnlyForDeploymentPostprocessing = 0;
		};
/* End PBXCopyFilesBuildPhase section */

/* Begin PBXFileReference section */
		040B51BD1EAE82500025E7D9 /* GeometryDeserializer.h */ = {isa = PBXFileReference; fileEncoding = 4; lastKnownFileType = sourcecode.c.h; name = GeometryDeserializer.h; path = MAGE/GeometryDeserializer.h; sourceTree = SOURCE_ROOT; };
		040B51BE1EAE82500025E7D9 /* GeometryDeserializer.m */ = {isa = PBXFileReference; fileEncoding = 4; lastKnownFileType = sourcecode.c.objc; name = GeometryDeserializer.m; path = MAGE/GeometryDeserializer.m; sourceTree = SOURCE_ROOT; };
		048E23D31EAFACDF0001DB3E /* GeometryUtility.h */ = {isa = PBXFileReference; fileEncoding = 4; lastKnownFileType = sourcecode.c.h; name = GeometryUtility.h; path = MAGE/GeometryUtility.h; sourceTree = SOURCE_ROOT; };
		048E23D41EAFACDF0001DB3E /* GeometryUtility.m */ = {isa = PBXFileReference; fileEncoding = 4; lastKnownFileType = sourcecode.c.objc; name = GeometryUtility.m; path = MAGE/GeometryUtility.m; sourceTree = SOURCE_ROOT; };
		048E23D61EAFD8B40001DB3E /* GeometrySerializer.h */ = {isa = PBXFileReference; fileEncoding = 4; lastKnownFileType = sourcecode.c.h; name = GeometrySerializer.h; path = MAGE/GeometrySerializer.h; sourceTree = SOURCE_ROOT; };
		048E23D71EAFD8B40001DB3E /* GeometrySerializer.m */ = {isa = PBXFileReference; fileEncoding = 4; lastKnownFileType = sourcecode.c.objc; name = GeometrySerializer.m; path = MAGE/GeometrySerializer.m; sourceTree = SOURCE_ROOT; };
		049C65481E53A9FB005F4FA4 /* SessionTaskQueue.h */ = {isa = PBXFileReference; fileEncoding = 4; lastKnownFileType = sourcecode.c.h; name = SessionTaskQueue.h; path = MAGE/Networking/SessionTaskQueue.h; sourceTree = SOURCE_ROOT; };
		049C65491E53A9FB005F4FA4 /* SessionTaskQueue.m */ = {isa = PBXFileReference; fileEncoding = 4; lastKnownFileType = sourcecode.c.objc; name = SessionTaskQueue.m; path = MAGE/Networking/SessionTaskQueue.m; sourceTree = SOURCE_ROOT; };
		049C654B1E53B571005F4FA4 /* SessionTask.h */ = {isa = PBXFileReference; fileEncoding = 4; lastKnownFileType = sourcecode.c.h; name = SessionTask.h; path = MAGE/Networking/SessionTask.h; sourceTree = SOURCE_ROOT; };
		049C654C1E53B571005F4FA4 /* SessionTask.m */ = {isa = PBXFileReference; fileEncoding = 4; lastKnownFileType = sourcecode.c.objc; name = SessionTask.m; path = MAGE/Networking/SessionTask.m; sourceTree = SOURCE_ROOT; };
		049C654E1E55E60E005F4FA4 /* TaskSessionManager.h */ = {isa = PBXFileReference; fileEncoding = 4; lastKnownFileType = sourcecode.c.h; name = TaskSessionManager.h; path = MAGE/Networking/TaskSessionManager.h; sourceTree = SOURCE_ROOT; };
		049C654F1E55E60E005F4FA4 /* TaskSessionManager.m */ = {isa = PBXFileReference; fileEncoding = 4; lastKnownFileType = sourcecode.c.objc; name = TaskSessionManager.m; path = MAGE/Networking/TaskSessionManager.m; sourceTree = SOURCE_ROOT; };
		2F01652B199D1C6D00C4862B /* LocationFetchService.h */ = {isa = PBXFileReference; fileEncoding = 4; lastKnownFileType = sourcecode.c.h; name = LocationFetchService.h; path = MAGE/LocationFetchService.h; sourceTree = SOURCE_ROOT; };
		2F01652C199D1C6D00C4862B /* LocationFetchService.m */ = {isa = PBXFileReference; fileEncoding = 4; lastKnownFileType = sourcecode.c.objc; name = LocationFetchService.m; path = MAGE/LocationFetchService.m; sourceTree = SOURCE_ROOT; };
		2F01653119A2A88D00C4862B /* LocationService.h */ = {isa = PBXFileReference; fileEncoding = 4; lastKnownFileType = sourcecode.c.h; name = LocationService.h; path = MAGE/LocationService.h; sourceTree = SOURCE_ROOT; };
		2F01653219A2A88D00C4862B /* LocationService.m */ = {isa = PBXFileReference; fileEncoding = 4; lastKnownFileType = sourcecode.c.objc; name = LocationService.m; path = MAGE/LocationService.m; sourceTree = SOURCE_ROOT; };
		2F01653819A4F11E00C4862B /* NSDate+Iso8601.h */ = {isa = PBXFileReference; fileEncoding = 4; lastKnownFileType = sourcecode.c.h; name = "NSDate+Iso8601.h"; path = "MAGE/NSDate+Iso8601.h"; sourceTree = SOURCE_ROOT; };
		2F01653919A4F11E00C4862B /* NSDate+Iso8601.m */ = {isa = PBXFileReference; fileEncoding = 4; lastKnownFileType = sourcecode.c.objc; name = "NSDate+Iso8601.m"; path = "MAGE/NSDate+Iso8601.m"; sourceTree = SOURCE_ROOT; };
		2F21900F1FC5D218001E4A84 /* GoogleAuthentication.m */ = {isa = PBXFileReference; fileEncoding = 4; lastKnownFileType = sourcecode.c.objc; name = GoogleAuthentication.m; path = MAGE/GoogleAuthentication.m; sourceTree = SOURCE_ROOT; };
		2F2190101FC5D218001E4A84 /* GoogleAuthentication.h */ = {isa = PBXFileReference; fileEncoding = 4; lastKnownFileType = sourcecode.c.h; name = GoogleAuthentication.h; path = MAGE/GoogleAuthentication.h; sourceTree = SOURCE_ROOT; };
		2F2190121FC5D22E001E4A84 /* ObservationImage.m */ = {isa = PBXFileReference; fileEncoding = 4; lastKnownFileType = sourcecode.c.objc; name = ObservationImage.m; path = MAGE/ObservationImage.m; sourceTree = SOURCE_ROOT; };
		2F2190131FC5D22E001E4A84 /* ObservationImage.h */ = {isa = PBXFileReference; fileEncoding = 4; lastKnownFileType = sourcecode.c.h; name = ObservationImage.h; path = MAGE/ObservationImage.h; sourceTree = SOURCE_ROOT; };
		2F2190151FC5D247001E4A84 /* NotificationRequester.m */ = {isa = PBXFileReference; fileEncoding = 4; lastKnownFileType = sourcecode.c.objc; name = NotificationRequester.m; path = MAGE/NotificationRequester.m; sourceTree = SOURCE_ROOT; };
		2F2190161FC5D247001E4A84 /* NotificationRequester.h */ = {isa = PBXFileReference; fileEncoding = 4; lastKnownFileType = sourcecode.c.h; name = NotificationRequester.h; path = MAGE/NotificationRequester.h; sourceTree = SOURCE_ROOT; };
		2F2190191FC5D25D001E4A84 /* mage-ios-sdk 10.xcdatamodel */ = {isa = PBXFileReference; lastKnownFileType = wrapper.xcdatamodel; path = "mage-ios-sdk 10.xcdatamodel"; sourceTree = "<group>"; };
		2F21901A1FC5D25D001E4A84 /* mage-ios-sdk 11.xcdatamodel */ = {isa = PBXFileReference; lastKnownFileType = wrapper.xcdatamodel; path = "mage-ios-sdk 11.xcdatamodel"; sourceTree = "<group>"; };
		2F21901B1FC5D25D001E4A84 /* mage-ios-sdk 12.xcdatamodel */ = {isa = PBXFileReference; lastKnownFileType = wrapper.xcdatamodel; path = "mage-ios-sdk 12.xcdatamodel"; sourceTree = "<group>"; };
		2F21901C1FC5D25D001E4A84 /* mage-ios-sdk 2.xcdatamodel */ = {isa = PBXFileReference; lastKnownFileType = wrapper.xcdatamodel; path = "mage-ios-sdk 2.xcdatamodel"; sourceTree = "<group>"; };
		2F21901D1FC5D25D001E4A84 /* mage-ios-sdk 3.xcdatamodel */ = {isa = PBXFileReference; lastKnownFileType = wrapper.xcdatamodel; path = "mage-ios-sdk 3.xcdatamodel"; sourceTree = "<group>"; };
		2F21901E1FC5D25D001E4A84 /* mage-ios-sdk 4.xcdatamodel */ = {isa = PBXFileReference; lastKnownFileType = wrapper.xcdatamodel; path = "mage-ios-sdk 4.xcdatamodel"; sourceTree = "<group>"; };
		2F21901F1FC5D25D001E4A84 /* mage-ios-sdk 5.xcdatamodel */ = {isa = PBXFileReference; lastKnownFileType = wrapper.xcdatamodel; path = "mage-ios-sdk 5.xcdatamodel"; sourceTree = "<group>"; };
		2F2190201FC5D25D001E4A84 /* mage-ios-sdk 6.xcdatamodel */ = {isa = PBXFileReference; lastKnownFileType = wrapper.xcdatamodel; path = "mage-ios-sdk 6.xcdatamodel"; sourceTree = "<group>"; };
		2F2190211FC5D25D001E4A84 /* mage-ios-sdk 7.xcdatamodel */ = {isa = PBXFileReference; lastKnownFileType = wrapper.xcdatamodel; path = "mage-ios-sdk 7.xcdatamodel"; sourceTree = "<group>"; };
		2F2190221FC5D25D001E4A84 /* mage-ios-sdk 8.xcdatamodel */ = {isa = PBXFileReference; lastKnownFileType = wrapper.xcdatamodel; path = "mage-ios-sdk 8.xcdatamodel"; sourceTree = "<group>"; };
		2F2190231FC5D25D001E4A84 /* mage-ios-sdk 9.xcdatamodel */ = {isa = PBXFileReference; lastKnownFileType = wrapper.xcdatamodel; path = "mage-ios-sdk 9.xcdatamodel"; sourceTree = "<group>"; };
		2F2190241FC5D25D001E4A84 /* mage-ios-sdk.xcdatamodel */ = {isa = PBXFileReference; lastKnownFileType = wrapper.xcdatamodel; path = "mage-ios-sdk.xcdatamodel"; sourceTree = "<group>"; };
		2F2A76E919A7DE8D0008E7DD /* ObservationFetchService.h */ = {isa = PBXFileReference; fileEncoding = 4; lastKnownFileType = sourcecode.c.h; name = ObservationFetchService.h; path = MAGE/ObservationFetchService.h; sourceTree = SOURCE_ROOT; };
		2F2A76EA19A7DE8D0008E7DD /* ObservationFetchService.m */ = {isa = PBXFileReference; fileEncoding = 4; lastKnownFileType = sourcecode.c.objc; name = ObservationFetchService.m; path = MAGE/ObservationFetchService.m; sourceTree = SOURCE_ROOT; };
		2F5332381CC154C3006E92E1 /* Attachment.h */ = {isa = PBXFileReference; fileEncoding = 4; lastKnownFileType = sourcecode.c.h; name = Attachment.h; path = MAGE/Attachment.h; sourceTree = SOURCE_ROOT; };
		2F5332391CC154C3006E92E1 /* Attachment.m */ = {isa = PBXFileReference; fileEncoding = 4; lastKnownFileType = sourcecode.c.objc; name = Attachment.m; path = MAGE/Attachment.m; sourceTree = SOURCE_ROOT; };
		2F53323C1CC154C3006E92E1 /* Event.h */ = {isa = PBXFileReference; fileEncoding = 4; lastKnownFileType = sourcecode.c.h; name = Event.h; path = MAGE/Event.h; sourceTree = SOURCE_ROOT; };
		2F53323D1CC154C3006E92E1 /* Event.m */ = {isa = PBXFileReference; fileEncoding = 4; lastKnownFileType = sourcecode.c.objc; name = Event.m; path = MAGE/Event.m; sourceTree = SOURCE_ROOT; };
		2F5332401CC154C3006E92E1 /* GPSLocation.h */ = {isa = PBXFileReference; fileEncoding = 4; lastKnownFileType = sourcecode.c.h; name = GPSLocation.h; path = MAGE/GPSLocation.h; sourceTree = SOURCE_ROOT; };
		2F5332411CC154C3006E92E1 /* GPSLocation.m */ = {isa = PBXFileReference; fileEncoding = 4; lastKnownFileType = sourcecode.c.objc; name = GPSLocation.m; path = MAGE/GPSLocation.m; sourceTree = SOURCE_ROOT; };
		2F5332441CC154C3006E92E1 /* Layer.h */ = {isa = PBXFileReference; fileEncoding = 4; lastKnownFileType = sourcecode.c.h; name = Layer.h; path = MAGE/Layer.h; sourceTree = SOURCE_ROOT; };
		2F5332451CC154C3006E92E1 /* Layer.m */ = {isa = PBXFileReference; fileEncoding = 4; lastKnownFileType = sourcecode.c.objc; name = Layer.m; path = MAGE/Layer.m; sourceTree = SOURCE_ROOT; };
		2F5332481CC154C3006E92E1 /* Location.h */ = {isa = PBXFileReference; fileEncoding = 4; lastKnownFileType = sourcecode.c.h; name = Location.h; path = MAGE/Location.h; sourceTree = SOURCE_ROOT; };
		2F5332491CC154C3006E92E1 /* Location.m */ = {isa = PBXFileReference; fileEncoding = 4; lastKnownFileType = sourcecode.c.objc; name = Location.m; path = MAGE/Location.m; sourceTree = SOURCE_ROOT; };
		2F53324C1CC154C3006E92E1 /* Observation.h */ = {isa = PBXFileReference; fileEncoding = 4; lastKnownFileType = sourcecode.c.h; name = Observation.h; path = MAGE/Observation.h; sourceTree = SOURCE_ROOT; };
		2F53324D1CC154C3006E92E1 /* Observation.m */ = {isa = PBXFileReference; fileEncoding = 4; lastKnownFileType = sourcecode.c.objc; name = Observation.m; path = MAGE/Observation.m; sourceTree = SOURCE_ROOT; };
		2F5332501CC154C3006E92E1 /* Role.h */ = {isa = PBXFileReference; fileEncoding = 4; lastKnownFileType = sourcecode.c.h; name = Role.h; path = MAGE/Role.h; sourceTree = SOURCE_ROOT; };
		2F5332511CC154C3006E92E1 /* Role.m */ = {isa = PBXFileReference; fileEncoding = 4; lastKnownFileType = sourcecode.c.objc; name = Role.m; path = MAGE/Role.m; sourceTree = SOURCE_ROOT; };
		2F5332541CC154C3006E92E1 /* Server.h */ = {isa = PBXFileReference; fileEncoding = 4; lastKnownFileType = sourcecode.c.h; name = Server.h; path = MAGE/Server.h; sourceTree = SOURCE_ROOT; };
		2F5332551CC154C3006E92E1 /* Server.m */ = {isa = PBXFileReference; fileEncoding = 4; lastKnownFileType = sourcecode.c.objc; name = Server.m; path = MAGE/Server.m; sourceTree = SOURCE_ROOT; };
		2F5332581CC154C3006E92E1 /* StaticLayer.h */ = {isa = PBXFileReference; fileEncoding = 4; lastKnownFileType = sourcecode.c.h; name = StaticLayer.h; path = MAGE/StaticLayer.h; sourceTree = SOURCE_ROOT; };
		2F5332591CC154C3006E92E1 /* StaticLayer.m */ = {isa = PBXFileReference; fileEncoding = 4; lastKnownFileType = sourcecode.c.objc; name = StaticLayer.m; path = MAGE/StaticLayer.m; sourceTree = SOURCE_ROOT; };
		2F53325C1CC154C3006E92E1 /* Team.h */ = {isa = PBXFileReference; fileEncoding = 4; lastKnownFileType = sourcecode.c.h; name = Team.h; path = MAGE/Team.h; sourceTree = SOURCE_ROOT; };
		2F53325D1CC154C3006E92E1 /* Team.m */ = {isa = PBXFileReference; fileEncoding = 4; lastKnownFileType = sourcecode.c.objc; name = Team.m; path = MAGE/Team.m; sourceTree = SOURCE_ROOT; };
		2F5332601CC154C3006E92E1 /* User.h */ = {isa = PBXFileReference; fileEncoding = 4; lastKnownFileType = sourcecode.c.h; name = User.h; path = MAGE/User.h; sourceTree = SOURCE_ROOT; };
		2F5332611CC154C3006E92E1 /* User.m */ = {isa = PBXFileReference; fileEncoding = 4; lastKnownFileType = sourcecode.c.objc; name = User.m; path = MAGE/User.m; sourceTree = SOURCE_ROOT; };
		2F5332BF1CC557F3006E92E1 /* GPSLocation+CoreDataProperties.h */ = {isa = PBXFileReference; fileEncoding = 4; lastKnownFileType = sourcecode.c.h; name = "GPSLocation+CoreDataProperties.h"; path = "MAGE/GPSLocation+CoreDataProperties.h"; sourceTree = SOURCE_ROOT; };
		2F5332C01CC557F3006E92E1 /* GPSLocation+CoreDataProperties.m */ = {isa = PBXFileReference; fileEncoding = 4; lastKnownFileType = sourcecode.c.objc; name = "GPSLocation+CoreDataProperties.m"; path = "MAGE/GPSLocation+CoreDataProperties.m"; sourceTree = SOURCE_ROOT; };
		2F5332C31CC557F3006E92E1 /* Attachment+CoreDataProperties.h */ = {isa = PBXFileReference; fileEncoding = 4; lastKnownFileType = sourcecode.c.h; name = "Attachment+CoreDataProperties.h"; path = "MAGE/Attachment+CoreDataProperties.h"; sourceTree = SOURCE_ROOT; };
		2F5332C41CC557F3006E92E1 /* Attachment+CoreDataProperties.m */ = {isa = PBXFileReference; fileEncoding = 4; lastKnownFileType = sourcecode.c.objc; name = "Attachment+CoreDataProperties.m"; path = "MAGE/Attachment+CoreDataProperties.m"; sourceTree = SOURCE_ROOT; };
		2F5332C51CC557F3006E92E1 /* Role+CoreDataProperties.h */ = {isa = PBXFileReference; fileEncoding = 4; lastKnownFileType = sourcecode.c.h; name = "Role+CoreDataProperties.h"; path = "MAGE/Role+CoreDataProperties.h"; sourceTree = SOURCE_ROOT; };
		2F5332C61CC557F3006E92E1 /* Role+CoreDataProperties.m */ = {isa = PBXFileReference; fileEncoding = 4; lastKnownFileType = sourcecode.c.objc; name = "Role+CoreDataProperties.m"; path = "MAGE/Role+CoreDataProperties.m"; sourceTree = SOURCE_ROOT; };
		2F5332C71CC557F3006E92E1 /* Event+CoreDataProperties.h */ = {isa = PBXFileReference; fileEncoding = 4; lastKnownFileType = sourcecode.c.h; name = "Event+CoreDataProperties.h"; path = "MAGE/Event+CoreDataProperties.h"; sourceTree = SOURCE_ROOT; };
		2F5332C81CC557F3006E92E1 /* Event+CoreDataProperties.m */ = {isa = PBXFileReference; fileEncoding = 4; lastKnownFileType = sourcecode.c.objc; name = "Event+CoreDataProperties.m"; path = "MAGE/Event+CoreDataProperties.m"; sourceTree = SOURCE_ROOT; };
		2F5332C91CC557F3006E92E1 /* Team+CoreDataProperties.h */ = {isa = PBXFileReference; fileEncoding = 4; lastKnownFileType = sourcecode.c.h; name = "Team+CoreDataProperties.h"; path = "MAGE/Team+CoreDataProperties.h"; sourceTree = SOURCE_ROOT; };
		2F5332CA1CC557F3006E92E1 /* Team+CoreDataProperties.m */ = {isa = PBXFileReference; fileEncoding = 4; lastKnownFileType = sourcecode.c.objc; name = "Team+CoreDataProperties.m"; path = "MAGE/Team+CoreDataProperties.m"; sourceTree = SOURCE_ROOT; };
		2F5332CB1CC557F3006E92E1 /* User+CoreDataProperties.h */ = {isa = PBXFileReference; fileEncoding = 4; lastKnownFileType = sourcecode.c.h; name = "User+CoreDataProperties.h"; path = "MAGE/User+CoreDataProperties.h"; sourceTree = SOURCE_ROOT; };
		2F5332CC1CC557F3006E92E1 /* User+CoreDataProperties.m */ = {isa = PBXFileReference; fileEncoding = 4; lastKnownFileType = sourcecode.c.objc; name = "User+CoreDataProperties.m"; path = "MAGE/User+CoreDataProperties.m"; sourceTree = SOURCE_ROOT; };
		2F5332CD1CC557F3006E92E1 /* Location+CoreDataProperties.h */ = {isa = PBXFileReference; fileEncoding = 4; lastKnownFileType = sourcecode.c.h; name = "Location+CoreDataProperties.h"; path = "MAGE/Location+CoreDataProperties.h"; sourceTree = SOURCE_ROOT; };
		2F5332CE1CC557F3006E92E1 /* Location+CoreDataProperties.m */ = {isa = PBXFileReference; fileEncoding = 4; lastKnownFileType = sourcecode.c.objc; name = "Location+CoreDataProperties.m"; path = "MAGE/Location+CoreDataProperties.m"; sourceTree = SOURCE_ROOT; };
		2F5332CF1CC557F3006E92E1 /* Server+CoreDataProperties.h */ = {isa = PBXFileReference; fileEncoding = 4; lastKnownFileType = sourcecode.c.h; name = "Server+CoreDataProperties.h"; path = "MAGE/Server+CoreDataProperties.h"; sourceTree = SOURCE_ROOT; };
		2F5332D01CC557F3006E92E1 /* Server+CoreDataProperties.m */ = {isa = PBXFileReference; fileEncoding = 4; lastKnownFileType = sourcecode.c.objc; name = "Server+CoreDataProperties.m"; path = "MAGE/Server+CoreDataProperties.m"; sourceTree = SOURCE_ROOT; };
		2F5332D11CC557F3006E92E1 /* StaticLayer+CoreDataProperties.h */ = {isa = PBXFileReference; fileEncoding = 4; lastKnownFileType = sourcecode.c.h; name = "StaticLayer+CoreDataProperties.h"; path = "MAGE/StaticLayer+CoreDataProperties.h"; sourceTree = SOURCE_ROOT; };
		2F5332D21CC557F3006E92E1 /* StaticLayer+CoreDataProperties.m */ = {isa = PBXFileReference; fileEncoding = 4; lastKnownFileType = sourcecode.c.objc; name = "StaticLayer+CoreDataProperties.m"; path = "MAGE/StaticLayer+CoreDataProperties.m"; sourceTree = SOURCE_ROOT; };
		2F5332D31CC557F3006E92E1 /* Layer+CoreDataProperties.h */ = {isa = PBXFileReference; fileEncoding = 4; lastKnownFileType = sourcecode.c.h; name = "Layer+CoreDataProperties.h"; path = "MAGE/Layer+CoreDataProperties.h"; sourceTree = SOURCE_ROOT; };
		2F5332D41CC557F3006E92E1 /* Layer+CoreDataProperties.m */ = {isa = PBXFileReference; fileEncoding = 4; lastKnownFileType = sourcecode.c.objc; name = "Layer+CoreDataProperties.m"; path = "MAGE/Layer+CoreDataProperties.m"; sourceTree = SOURCE_ROOT; };
		2F58BC241BFBBFE500B3B09D /* OAuthAuthentication.h */ = {isa = PBXFileReference; fileEncoding = 4; lastKnownFileType = sourcecode.c.h; name = OAuthAuthentication.h; path = MAGE/OAuthAuthentication.h; sourceTree = SOURCE_ROOT; };
		2F58BC251BFBBFE500B3B09D /* OAuthAuthentication.m */ = {isa = PBXFileReference; fileEncoding = 4; lastKnownFileType = sourcecode.c.objc; name = OAuthAuthentication.m; path = MAGE/OAuthAuthentication.m; sourceTree = SOURCE_ROOT; };
		2F58BC271BFBF64000B3B09D /* MagicalRecord+MAGE.h */ = {isa = PBXFileReference; fileEncoding = 4; lastKnownFileType = sourcecode.c.h; name = "MagicalRecord+MAGE.h"; path = "MAGE/MagicalRecord+MAGE.h"; sourceTree = SOURCE_ROOT; };
		2F58BC281BFBF64000B3B09D /* MagicalRecord+MAGE.m */ = {isa = PBXFileReference; fileEncoding = 4; lastKnownFileType = sourcecode.c.objc; name = "MagicalRecord+MAGE.m"; path = "MAGE/MagicalRecord+MAGE.m"; sourceTree = SOURCE_ROOT; };
		2F92D1091D91CD6900CC0149 /* ObservationFavorite.h */ = {isa = PBXFileReference; fileEncoding = 4; lastKnownFileType = sourcecode.c.h; name = ObservationFavorite.h; path = MAGE/ObservationFavorite.h; sourceTree = SOURCE_ROOT; };
		2F92D10A1D91CD6900CC0149 /* ObservationFavorite.m */ = {isa = PBXFileReference; fileEncoding = 4; lastKnownFileType = sourcecode.c.objc; name = ObservationFavorite.m; path = MAGE/ObservationFavorite.m; sourceTree = SOURCE_ROOT; };
		2F92D10B1D91CD6900CC0149 /* ObservationFavorite+CoreDataProperties.h */ = {isa = PBXFileReference; fileEncoding = 4; lastKnownFileType = sourcecode.c.h; name = "ObservationFavorite+CoreDataProperties.h"; path = "MAGE/ObservationFavorite+CoreDataProperties.h"; sourceTree = SOURCE_ROOT; };
		2F92D10C1D91CD6900CC0149 /* ObservationFavorite+CoreDataProperties.m */ = {isa = PBXFileReference; fileEncoding = 4; lastKnownFileType = sourcecode.c.objc; name = "ObservationFavorite+CoreDataProperties.m"; path = "MAGE/ObservationFavorite+CoreDataProperties.m"; sourceTree = SOURCE_ROOT; };
		2FA2C7EA1EA2AAD80074C8B3 /* Observation+CoreDataProperties.h */ = {isa = PBXFileReference; fileEncoding = 4; lastKnownFileType = sourcecode.c.h; name = "Observation+CoreDataProperties.h"; path = "MAGE/Observation+CoreDataProperties.h"; sourceTree = SOURCE_ROOT; };
		2FA2C7EB1EA2AAD80074C8B3 /* Observation+CoreDataProperties.m */ = {isa = PBXFileReference; fileEncoding = 4; lastKnownFileType = sourcecode.c.objc; name = "Observation+CoreDataProperties.m"; path = "MAGE/Observation+CoreDataProperties.m"; sourceTree = SOURCE_ROOT; };
		2FA571261D904D4A00B2F0CE /* ObservationImportant.h */ = {isa = PBXFileReference; fileEncoding = 4; lastKnownFileType = sourcecode.c.h; name = ObservationImportant.h; path = MAGE/ObservationImportant.h; sourceTree = SOURCE_ROOT; };
		2FA571271D904D4A00B2F0CE /* ObservationImportant.m */ = {isa = PBXFileReference; fileEncoding = 4; lastKnownFileType = sourcecode.c.objc; name = ObservationImportant.m; path = MAGE/ObservationImportant.m; sourceTree = SOURCE_ROOT; };
		2FA571281D904D4A00B2F0CE /* ObservationImportant+CoreDataProperties.h */ = {isa = PBXFileReference; fileEncoding = 4; lastKnownFileType = sourcecode.c.h; name = "ObservationImportant+CoreDataProperties.h"; path = "MAGE/ObservationImportant+CoreDataProperties.h"; sourceTree = SOURCE_ROOT; };
		2FA571291D904D4A00B2F0CE /* ObservationImportant+CoreDataProperties.m */ = {isa = PBXFileReference; fileEncoding = 4; lastKnownFileType = sourcecode.c.objc; name = "ObservationImportant+CoreDataProperties.m"; path = "MAGE/ObservationImportant+CoreDataProperties.m"; sourceTree = SOURCE_ROOT; };
		2FC308011A3F83DF00FBD2BA /* mage-ios-sdk-Prefix.pch */ = {isa = PBXFileReference; fileEncoding = 4; lastKnownFileType = sourcecode.c.h; name = "mage-ios-sdk-Prefix.pch"; path = "MAGE/mage-ios-sdk-Prefix.pch"; sourceTree = SOURCE_ROOT; };
		2FC308031A3F91D000FBD2BA /* MagicalRecord+delete.h */ = {isa = PBXFileReference; fileEncoding = 4; lastKnownFileType = sourcecode.c.h; name = "MagicalRecord+delete.h"; path = "MAGE/MagicalRecord+delete.h"; sourceTree = SOURCE_ROOT; };
		2FC308041A3F91D000FBD2BA /* MagicalRecord+delete.m */ = {isa = PBXFileReference; fileEncoding = 4; lastKnownFileType = sourcecode.c.objc; name = "MagicalRecord+delete.m"; path = "MAGE/MagicalRecord+delete.m"; sourceTree = SOURCE_ROOT; };
		2FFE499619EC347300BC8922 /* MageServer.h */ = {isa = PBXFileReference; fileEncoding = 4; lastKnownFileType = sourcecode.c.h; name = MageServer.h; path = MAGE/MageServer.h; sourceTree = SOURCE_ROOT; };
		2FFE499719EC347300BC8922 /* MageServer.m */ = {isa = PBXFileReference; fileEncoding = 4; lastKnownFileType = sourcecode.c.objc; name = MageServer.m; path = MAGE/MageServer.m; sourceTree = SOURCE_ROOT; };
		4CAF957218C62E0100A41CB8 /* libmage-ios-sdk.a */ = {isa = PBXFileReference; explicitFileType = archive.ar; includeInIndex = 0; path = "libmage-ios-sdk.a"; sourceTree = BUILT_PRODUCTS_DIR; };
		4CAF957518C62E0100A41CB8 /* Foundation.framework */ = {isa = PBXFileReference; lastKnownFileType = wrapper.framework; name = Foundation.framework; path = System/Library/Frameworks/Foundation.framework; sourceTree = SDKROOT; };
		4CAF958218C62E0100A41CB8 /* mage-ios-sdkTests.xctest */ = {isa = PBXFileReference; explicitFileType = wrapper.cfbundle; includeInIndex = 0; path = "mage-ios-sdkTests.xctest"; sourceTree = BUILT_PRODUCTS_DIR; };
		4CAF958318C62E0100A41CB8 /* XCTest.framework */ = {isa = PBXFileReference; lastKnownFileType = wrapper.framework; name = XCTest.framework; path = Library/Frameworks/XCTest.framework; sourceTree = DEVELOPER_DIR; };
		4CAF958618C62E0100A41CB8 /* UIKit.framework */ = {isa = PBXFileReference; lastKnownFileType = wrapper.framework; name = UIKit.framework; path = Library/Frameworks/UIKit.framework; sourceTree = DEVELOPER_DIR; };
		4CAF958D18C62E0100A41CB8 /* mage-ios-sdkTests-Info.plist */ = {isa = PBXFileReference; lastKnownFileType = text.plist.xml; path = "mage-ios-sdkTests-Info.plist"; sourceTree = "<group>"; };
		4CAF958F18C62E0100A41CB8 /* en */ = {isa = PBXFileReference; lastKnownFileType = text.plist.strings; name = en; path = en.lproj/InfoPlist.strings; sourceTree = "<group>"; };
		4CAF959118C62E0100A41CB8 /* AuthenticationTests.m */ = {isa = PBXFileReference; lastKnownFileType = sourcecode.c.objc; path = AuthenticationTests.m; sourceTree = "<group>"; };
		4CAF959E18C62F7C00A41CB8 /* LocalAuthentication.h */ = {isa = PBXFileReference; fileEncoding = 4; lastKnownFileType = sourcecode.c.h; name = LocalAuthentication.h; path = MAGE/LocalAuthentication.h; sourceTree = SOURCE_ROOT; };
		4CAF959F18C62F7C00A41CB8 /* LocalAuthentication.m */ = {isa = PBXFileReference; fileEncoding = 4; lastKnownFileType = sourcecode.c.objc; name = LocalAuthentication.m; path = MAGE/LocalAuthentication.m; sourceTree = SOURCE_ROOT; };
		4CAF95A118C62FA000A41CB8 /* Authentication.h */ = {isa = PBXFileReference; lastKnownFileType = sourcecode.c.h; name = Authentication.h; path = MAGE/Authentication.h; sourceTree = SOURCE_ROOT; };
		4CAF95A218C6616300A41CB8 /* Authentication.m */ = {isa = PBXFileReference; fileEncoding = 4; lastKnownFileType = sourcecode.c.objc; name = Authentication.m; path = MAGE/Authentication.m; sourceTree = SOURCE_ROOT; };
		595D169C90A86905653E937D /* Pods-mage-ios-sdkTests.debug.xcconfig */ = {isa = PBXFileReference; includeInIndex = 1; lastKnownFileType = text.xcconfig; name = "Pods-mage-ios-sdkTests.debug.xcconfig"; path = "Pods/Target Support Files/Pods-mage-ios-sdkTests/Pods-mage-ios-sdkTests.debug.xcconfig"; sourceTree = "<group>"; };
		5EB6050198AAD2B29ED45ACD /* Pods-mage-ios-sdk.debug.xcconfig */ = {isa = PBXFileReference; includeInIndex = 1; lastKnownFileType = text.xcconfig; name = "Pods-mage-ios-sdk.debug.xcconfig"; path = "Pods/Target Support Files/Pods-mage-ios-sdk/Pods-mage-ios-sdk.debug.xcconfig"; sourceTree = "<group>"; };
		6400D88547ABE980196068F1 /* Pods_mage_ios_sdkTests.framework */ = {isa = PBXFileReference; explicitFileType = wrapper.framework; includeInIndex = 0; path = Pods_mage_ios_sdkTests.framework; sourceTree = BUILT_PRODUCTS_DIR; };
		660A743D10C89FF65CE337F3 /* Pods-mage-ios-sdk.release.xcconfig */ = {isa = PBXFileReference; includeInIndex = 1; lastKnownFileType = text.xcconfig; name = "Pods-mage-ios-sdk.release.xcconfig"; path = "Pods/Target Support Files/Pods-mage-ios-sdk/Pods-mage-ios-sdk.release.xcconfig"; sourceTree = "<group>"; };
		6A2B85A19F2B3D4DE97AA83B /* Pods_mage_ios_sdk.framework */ = {isa = PBXFileReference; explicitFileType = wrapper.framework; includeInIndex = 0; path = Pods_mage_ios_sdk.framework; sourceTree = BUILT_PRODUCTS_DIR; };
		ED58FFB6E12F877BD465D73F /* Pods-mage-ios-sdkTests.release.xcconfig */ = {isa = PBXFileReference; includeInIndex = 1; lastKnownFileType = text.xcconfig; name = "Pods-mage-ios-sdkTests.release.xcconfig"; path = "Pods/Target Support Files/Pods-mage-ios-sdkTests/Pods-mage-ios-sdkTests.release.xcconfig"; sourceTree = "<group>"; };
		F75DD3181A9F9F230007FA3F /* NSString+Contains.h */ = {isa = PBXFileReference; fileEncoding = 4; lastKnownFileType = sourcecode.c.h; name = "NSString+Contains.h"; path = "MAGE/NSString+Contains.h"; sourceTree = SOURCE_ROOT; };
		F75DD3191A9F9F230007FA3F /* NSString+Contains.m */ = {isa = PBXFileReference; fileEncoding = 4; lastKnownFileType = sourcecode.c.objc; name = "NSString+Contains.m"; path = "MAGE/NSString+Contains.m"; sourceTree = SOURCE_ROOT; };
		F75EE9542113859F00EDBE8E /* mage-ios-sdk 14.xcdatamodel */ = {isa = PBXFileReference; lastKnownFileType = wrapper.xcdatamodel; path = "mage-ios-sdk 14.xcdatamodel"; sourceTree = "<group>"; };
		F76655841A30EAEB00558EBB /* AttachmentPushService.h */ = {isa = PBXFileReference; fileEncoding = 4; lastKnownFileType = sourcecode.c.h; name = AttachmentPushService.h; path = MAGE/AttachmentPushService.h; sourceTree = SOURCE_ROOT; };
		F76655851A30EAEB00558EBB /* AttachmentPushService.m */ = {isa = PBXFileReference; fileEncoding = 4; lastKnownFileType = sourcecode.c.objc; name = AttachmentPushService.m; path = MAGE/AttachmentPushService.m; sourceTree = SOURCE_ROOT; };
		F768E9C7191D095B003287E3 /* ObservationTests.m */ = {isa = PBXFileReference; fileEncoding = 4; lastKnownFileType = sourcecode.c.objc; path = ObservationTests.m; sourceTree = "<group>"; };
		F768E9C9191D0E6E003287E3 /* ServerAuthentication.h */ = {isa = PBXFileReference; fileEncoding = 4; lastKnownFileType = sourcecode.c.h; name = ServerAuthentication.h; path = MAGE/ServerAuthentication.h; sourceTree = SOURCE_ROOT; };
		F768E9CA191D0E6E003287E3 /* ServerAuthentication.m */ = {isa = PBXFileReference; fileEncoding = 4; lastKnownFileType = sourcecode.c.objc; name = ServerAuthentication.m; path = MAGE/ServerAuthentication.m; sourceTree = SOURCE_ROOT; };
		F768E9CC191D1C7B003287E3 /* MageSessionManager.h */ = {isa = PBXFileReference; fileEncoding = 4; lastKnownFileType = sourcecode.c.h; name = MageSessionManager.h; path = MAGE/Networking/MageSessionManager.h; sourceTree = SOURCE_ROOT; };
		F768E9CD191D1C7B003287E3 /* MageSessionManager.m */ = {isa = PBXFileReference; fileEncoding = 4; lastKnownFileType = sourcecode.c.objc; name = MageSessionManager.m; path = MAGE/Networking/MageSessionManager.m; sourceTree = SOURCE_ROOT; };
		F7971BD41A03F50D001505F0 /* ObservationPushService.h */ = {isa = PBXFileReference; fileEncoding = 4; lastKnownFileType = sourcecode.c.h; name = ObservationPushService.h; path = MAGE/ObservationPushService.h; sourceTree = SOURCE_ROOT; };
		F7971BD51A03F50D001505F0 /* ObservationPushService.m */ = {isa = PBXFileReference; fileEncoding = 4; lastKnownFileType = sourcecode.c.objc; name = ObservationPushService.m; path = MAGE/ObservationPushService.m; sourceTree = SOURCE_ROOT; };
		F79E5D0A21138E3F004C3902 /* Canary.m */ = {isa = PBXFileReference; fileEncoding = 4; lastKnownFileType = sourcecode.c.objc; name = Canary.m; path = MAGE/Canary.m; sourceTree = "<group>"; };
		F79E5D0B21138E3F004C3902 /* Canary.h */ = {isa = PBXFileReference; fileEncoding = 4; lastKnownFileType = sourcecode.c.h; name = Canary.h; path = MAGE/Canary.h; sourceTree = "<group>"; };
		F79E5D0C21138E3F004C3902 /* Canary+CoreDataProperties.m */ = {isa = PBXFileReference; fileEncoding = 4; lastKnownFileType = sourcecode.c.objc; name = "Canary+CoreDataProperties.m"; path = "MAGE/Canary+CoreDataProperties.m"; sourceTree = "<group>"; };
		F79E5D0D21138E3F004C3902 /* Canary+CoreDataProperties.h */ = {isa = PBXFileReference; fileEncoding = 4; lastKnownFileType = sourcecode.c.h; name = "Canary+CoreDataProperties.h"; path = "MAGE/Canary+CoreDataProperties.h"; sourceTree = "<group>"; };
		F7A87F331AA51695001AEDF4 /* Mage.h */ = {isa = PBXFileReference; fileEncoding = 4; lastKnownFileType = sourcecode.c.h; name = Mage.h; path = MAGE/Mage.h; sourceTree = SOURCE_ROOT; };
		F7A87F341AA51695001AEDF4 /* Mage.m */ = {isa = PBXFileReference; fileEncoding = 4; lastKnownFileType = sourcecode.c.objc; name = Mage.m; path = MAGE/Mage.m; sourceTree = SOURCE_ROOT; };
		F7B25E23191AB5A900589E5B /* CoreLocation.framework */ = {isa = PBXFileReference; lastKnownFileType = wrapper.framework; name = CoreLocation.framework; path = System/Library/Frameworks/CoreLocation.framework; sourceTree = SDKROOT; };
		F7B679731959CF2D0035596A /* MageEnums.h */ = {isa = PBXFileReference; fileEncoding = 4; lastKnownFileType = sourcecode.c.h; name = MageEnums.h; path = MAGE/MageEnums.h; sourceTree = SOURCE_ROOT; };
		F7B679741959CF2D0035596A /* MageEnums.m */ = {isa = PBXFileReference; fileEncoding = 4; lastKnownFileType = sourcecode.c.objc; name = MageEnums.m; path = MAGE/MageEnums.m; sourceTree = SOURCE_ROOT; };
		F7C5FB79195DDFF30065379C /* Form.h */ = {isa = PBXFileReference; fileEncoding = 4; lastKnownFileType = sourcecode.c.h; name = Form.h; path = MAGE/Form.h; sourceTree = SOURCE_ROOT; };
		F7C5FB7A195DDFF30065379C /* Form.m */ = {isa = PBXFileReference; fileEncoding = 4; lastKnownFileType = sourcecode.c.objc; name = Form.m; path = MAGE/Form.m; sourceTree = SOURCE_ROOT; };
		F7DEF9251912BD2D0026B9D0 /* preferences.plist */ = {isa = PBXFileReference; fileEncoding = 4; lastKnownFileType = text.plist.xml; name = preferences.plist; path = MAGE/preferences.plist; sourceTree = SOURCE_ROOT; };
		F7F133601975857000E79762 /* UserUtility.h */ = {isa = PBXFileReference; fileEncoding = 4; lastKnownFileType = sourcecode.c.h; name = UserUtility.h; path = MAGE/UserUtility.h; sourceTree = SOURCE_ROOT; };
		F7F133611975857000E79762 /* UserUtility.m */ = {isa = PBXFileReference; fileEncoding = 4; lastKnownFileType = sourcecode.c.objc; name = UserUtility.m; path = MAGE/UserUtility.m; sourceTree = SOURCE_ROOT; };
		F7F7B7D71A6EDE1100270D61 /* StoredPassword.h */ = {isa = PBXFileReference; fileEncoding = 4; lastKnownFileType = sourcecode.c.h; name = StoredPassword.h; path = MAGE/StoredPassword.h; sourceTree = SOURCE_ROOT; };
		F7F7B7D81A6EDE1100270D61 /* StoredPassword.m */ = {isa = PBXFileReference; fileEncoding = 4; lastKnownFileType = sourcecode.c.objc; name = StoredPassword.m; path = MAGE/StoredPassword.m; sourceTree = SOURCE_ROOT; };
		F7FEF8BE20BEE52B006C0D70 /* mage-ios-sdk 13.xcdatamodel */ = {isa = PBXFileReference; lastKnownFileType = wrapper.xcdatamodel; path = "mage-ios-sdk 13.xcdatamodel"; sourceTree = "<group>"; };
/* End PBXFileReference section */

/* Begin PBXFrameworksBuildPhase section */
		4CAF956F18C62E0100A41CB8 /* Frameworks */ = {
			isa = PBXFrameworksBuildPhase;
			buildActionMask = 2147483647;
			files = (
				F7B25E24191AB5A900589E5B /* CoreLocation.framework in Frameworks */,
				4CAF957618C62E0100A41CB8 /* Foundation.framework in Frameworks */,
				562F7E975AEBCF980A122698 /* Pods_mage_ios_sdk.framework in Frameworks */,
			);
			runOnlyForDeploymentPostprocessing = 0;
		};
		4CAF957F18C62E0100A41CB8 /* Frameworks */ = {
			isa = PBXFrameworksBuildPhase;
			buildActionMask = 2147483647;
			files = (
				4CAF958518C62E0100A41CB8 /* Foundation.framework in Frameworks */,
				4CAF958418C62E0100A41CB8 /* XCTest.framework in Frameworks */,
				4CAF958A18C62E0100A41CB8 /* libmage-ios-sdk.a in Frameworks */,
				4CAF958718C62E0100A41CB8 /* UIKit.framework in Frameworks */,
				689F6552DA70E9C0963FC1E0 /* Pods_mage_ios_sdkTests.framework in Frameworks */,
			);
			runOnlyForDeploymentPostprocessing = 0;
		};
/* End PBXFrameworksBuildPhase section */

/* Begin PBXGroup section */
		049C65511E55F7C9005F4FA4 /* Networking */ = {
			isa = PBXGroup;
			children = (
				F768E9CC191D1C7B003287E3 /* MageSessionManager.h */,
				F768E9CD191D1C7B003287E3 /* MageSessionManager.m */,
				049C654E1E55E60E005F4FA4 /* TaskSessionManager.h */,
				049C654F1E55E60E005F4FA4 /* TaskSessionManager.m */,
				049C65481E53A9FB005F4FA4 /* SessionTaskQueue.h */,
				049C65491E53A9FB005F4FA4 /* SessionTaskQueue.m */,
				049C654B1E53B571005F4FA4 /* SessionTask.h */,
				049C654C1E53B571005F4FA4 /* SessionTask.m */,
			);
			name = Networking;
			path = MAGE/Networking;
			sourceTree = "<group>";
		};
		2F016527199CF36E00C4862B /* Location */ = {
			isa = PBXGroup;
			children = (
				2F01652B199D1C6D00C4862B /* LocationFetchService.h */,
				2F01652C199D1C6D00C4862B /* LocationFetchService.m */,
				2F01653119A2A88D00C4862B /* LocationService.h */,
				2F01653219A2A88D00C4862B /* LocationService.m */,
			);
			name = Location;
			sourceTree = "<group>";
		};
		2F01653719A4EFB000C4862B /* Date */ = {
			isa = PBXGroup;
			children = (
				2F01653819A4F11E00C4862B /* NSDate+Iso8601.h */,
				2F01653919A4F11E00C4862B /* NSDate+Iso8601.m */,
			);
			name = Date;
			sourceTree = "<group>";
		};
		2F2A76E819A7DE770008E7DD /* Observation */ = {
			isa = PBXGroup;
			children = (
				2F2190131FC5D22E001E4A84 /* ObservationImage.h */,
				2F2190121FC5D22E001E4A84 /* ObservationImage.m */,
				2F2A76E919A7DE8D0008E7DD /* ObservationFetchService.h */,
				2F2A76EA19A7DE8D0008E7DD /* ObservationFetchService.m */,
				F7971BD41A03F50D001505F0 /* ObservationPushService.h */,
				F7971BD51A03F50D001505F0 /* ObservationPushService.m */,
				F76655841A30EAEB00558EBB /* AttachmentPushService.h */,
				F76655851A30EAEB00558EBB /* AttachmentPushService.m */,
				040B51BD1EAE82500025E7D9 /* GeometryDeserializer.h */,
				040B51BE1EAE82500025E7D9 /* GeometryDeserializer.m */,
				048E23D61EAFD8B40001DB3E /* GeometrySerializer.h */,
				048E23D71EAFD8B40001DB3E /* GeometrySerializer.m */,
			);
			name = Observation;
			sourceTree = "<group>";
		};
		2FC308021A3F916600FBD2BA /* Categories */ = {
			isa = PBXGroup;
			children = (
				2FC308031A3F91D000FBD2BA /* MagicalRecord+delete.h */,
				2FC308041A3F91D000FBD2BA /* MagicalRecord+delete.m */,
				F75DD3181A9F9F230007FA3F /* NSString+Contains.h */,
				F75DD3191A9F9F230007FA3F /* NSString+Contains.m */,
				2F58BC271BFBF64000B3B09D /* MagicalRecord+MAGE.h */,
				2F58BC281BFBF64000B3B09D /* MagicalRecord+MAGE.m */,
			);
			name = Categories;
			sourceTree = "<group>";
		};
		2FF74A4E1BEBFD3A00416090 /* Authentication */ = {
			isa = PBXGroup;
			children = (
				2F2190101FC5D218001E4A84 /* GoogleAuthentication.h */,
				2F21900F1FC5D218001E4A84 /* GoogleAuthentication.m */,
				4CAF95A118C62FA000A41CB8 /* Authentication.h */,
				4CAF95A218C6616300A41CB8 /* Authentication.m */,
				4CAF959E18C62F7C00A41CB8 /* LocalAuthentication.h */,
				4CAF959F18C62F7C00A41CB8 /* LocalAuthentication.m */,
				F768E9C9191D0E6E003287E3 /* ServerAuthentication.h */,
				F768E9CA191D0E6E003287E3 /* ServerAuthentication.m */,
				2F58BC241BFBBFE500B3B09D /* OAuthAuthentication.h */,
				2F58BC251BFBBFE500B3B09D /* OAuthAuthentication.m */,
			);
			name = Authentication;
			sourceTree = "<group>";
		};
		4CAF956918C62E0100A41CB8 = {
			isa = PBXGroup;
			children = (
				2F2190181FC5D25D001E4A84 /* mage-ios-sdk.xcdatamodeld */,
				4CAF957718C62E0100A41CB8 /* MAGE */,
				4CAF957818C62E0100A41CB8 /* Supporting Files */,
				4CAF958B18C62E0100A41CB8 /* Tests */,
				4CAF957418C62E0100A41CB8 /* Frameworks */,
				4CAF957318C62E0100A41CB8 /* Products */,
				B738473B90584A1FA58C4ABE /* Pods */,
			);
			sourceTree = "<group>";
		};
		4CAF957318C62E0100A41CB8 /* Products */ = {
			isa = PBXGroup;
			children = (
				4CAF957218C62E0100A41CB8 /* libmage-ios-sdk.a */,
				4CAF958218C62E0100A41CB8 /* mage-ios-sdkTests.xctest */,
			);
			name = Products;
			sourceTree = "<group>";
		};
		4CAF957418C62E0100A41CB8 /* Frameworks */ = {
			isa = PBXGroup;
			children = (
				F7B25E23191AB5A900589E5B /* CoreLocation.framework */,
				4CAF957518C62E0100A41CB8 /* Foundation.framework */,
				4CAF958318C62E0100A41CB8 /* XCTest.framework */,
				4CAF958618C62E0100A41CB8 /* UIKit.framework */,
				6A2B85A19F2B3D4DE97AA83B /* Pods_mage_ios_sdk.framework */,
				6400D88547ABE980196068F1 /* Pods_mage_ios_sdkTests.framework */,
			);
			name = Frameworks;
			sourceTree = "<group>";
		};
		4CAF957718C62E0100A41CB8 /* MAGE */ = {
			isa = PBXGroup;
			children = (
				2FF74A4E1BEBFD3A00416090 /* Authentication */,
				2FC308021A3F916600FBD2BA /* Categories */,
				2F2A76E819A7DE770008E7DD /* Observation */,
				2F01653719A4EFB000C4862B /* Date */,
				2F016527199CF36E00C4862B /* Location */,
				F7F1335F1975855200E79762 /* Utilities */,
				F7E35844191BDF29004EA79D /* Models */,
				049C65511E55F7C9005F4FA4 /* Networking */,
				2FFE499619EC347300BC8922 /* MageServer.h */,
				2FFE499719EC347300BC8922 /* MageServer.m */,
				F7F7B7D71A6EDE1100270D61 /* StoredPassword.h */,
				F7F7B7D81A6EDE1100270D61 /* StoredPassword.m */,
				F7A87F331AA51695001AEDF4 /* Mage.h */,
				F7A87F341AA51695001AEDF4 /* Mage.m */,
				2F2190161FC5D247001E4A84 /* NotificationRequester.h */,
				2F2190151FC5D247001E4A84 /* NotificationRequester.m */,
			);
			name = MAGE;
			sourceTree = "<group>";
		};
		4CAF957818C62E0100A41CB8 /* Supporting Files */ = {
			isa = PBXGroup;
			children = (
				2FC308011A3F83DF00FBD2BA /* mage-ios-sdk-Prefix.pch */,
				F7DEF9251912BD2D0026B9D0 /* preferences.plist */,
			);
			name = "Supporting Files";
			sourceTree = "<group>";
		};
		4CAF958B18C62E0100A41CB8 /* Tests */ = {
			isa = PBXGroup;
			children = (
				4CAF959118C62E0100A41CB8 /* AuthenticationTests.m */,
				F768E9C7191D095B003287E3 /* ObservationTests.m */,
				4CAF958C18C62E0100A41CB8 /* Supporting Files */,
			);
			name = Tests;
			path = "mage-ios-sdkTests";
			sourceTree = "<group>";
		};
		4CAF958C18C62E0100A41CB8 /* Supporting Files */ = {
			isa = PBXGroup;
			children = (
				4CAF958D18C62E0100A41CB8 /* mage-ios-sdkTests-Info.plist */,
				4CAF958E18C62E0100A41CB8 /* InfoPlist.strings */,
			);
			name = "Supporting Files";
			sourceTree = "<group>";
		};
		B738473B90584A1FA58C4ABE /* Pods */ = {
			isa = PBXGroup;
			children = (
				595D169C90A86905653E937D /* Pods-mage-ios-sdkTests.debug.xcconfig */,
				ED58FFB6E12F877BD465D73F /* Pods-mage-ios-sdkTests.release.xcconfig */,
				5EB6050198AAD2B29ED45ACD /* Pods-mage-ios-sdk.debug.xcconfig */,
				660A743D10C89FF65CE337F3 /* Pods-mage-ios-sdk.release.xcconfig */,
			);
			name = Pods;
			sourceTree = "<group>";
		};
		F739EFF31AB1E41E003A6E4B /* CoreData */ = {
			isa = PBXGroup;
			children = (
				F79E5D0B21138E3F004C3902 /* Canary.h */,
				F79E5D0A21138E3F004C3902 /* Canary.m */,
				F79E5D0D21138E3F004C3902 /* Canary+CoreDataProperties.h */,
				F79E5D0C21138E3F004C3902 /* Canary+CoreDataProperties.m */,
				2F5332381CC154C3006E92E1 /* Attachment.h */,
				2F5332391CC154C3006E92E1 /* Attachment.m */,
				2F5332C31CC557F3006E92E1 /* Attachment+CoreDataProperties.h */,
				2F5332C41CC557F3006E92E1 /* Attachment+CoreDataProperties.m */,
				2F53323C1CC154C3006E92E1 /* Event.h */,
				2F53323D1CC154C3006E92E1 /* Event.m */,
				2F5332C71CC557F3006E92E1 /* Event+CoreDataProperties.h */,
				2F5332C81CC557F3006E92E1 /* Event+CoreDataProperties.m */,
				2F5332401CC154C3006E92E1 /* GPSLocation.h */,
				2F5332411CC154C3006E92E1 /* GPSLocation.m */,
				2F5332BF1CC557F3006E92E1 /* GPSLocation+CoreDataProperties.h */,
				2F5332C01CC557F3006E92E1 /* GPSLocation+CoreDataProperties.m */,
				2F5332441CC154C3006E92E1 /* Layer.h */,
				2F5332451CC154C3006E92E1 /* Layer.m */,
				2F5332D31CC557F3006E92E1 /* Layer+CoreDataProperties.h */,
				2F5332D41CC557F3006E92E1 /* Layer+CoreDataProperties.m */,
				2F5332481CC154C3006E92E1 /* Location.h */,
				2F5332491CC154C3006E92E1 /* Location.m */,
				2F5332CD1CC557F3006E92E1 /* Location+CoreDataProperties.h */,
				2F5332CE1CC557F3006E92E1 /* Location+CoreDataProperties.m */,
				2F53324C1CC154C3006E92E1 /* Observation.h */,
				2F53324D1CC154C3006E92E1 /* Observation.m */,
				2FA2C7EA1EA2AAD80074C8B3 /* Observation+CoreDataProperties.h */,
				2FA2C7EB1EA2AAD80074C8B3 /* Observation+CoreDataProperties.m */,
				2F92D1091D91CD6900CC0149 /* ObservationFavorite.h */,
				2F92D10A1D91CD6900CC0149 /* ObservationFavorite.m */,
				2F92D10B1D91CD6900CC0149 /* ObservationFavorite+CoreDataProperties.h */,
				2F92D10C1D91CD6900CC0149 /* ObservationFavorite+CoreDataProperties.m */,
				2FA571261D904D4A00B2F0CE /* ObservationImportant.h */,
				2FA571271D904D4A00B2F0CE /* ObservationImportant.m */,
				2FA571281D904D4A00B2F0CE /* ObservationImportant+CoreDataProperties.h */,
				2FA571291D904D4A00B2F0CE /* ObservationImportant+CoreDataProperties.m */,
				2F5332501CC154C3006E92E1 /* Role.h */,
				2F5332511CC154C3006E92E1 /* Role.m */,
				2F5332C51CC557F3006E92E1 /* Role+CoreDataProperties.h */,
				2F5332C61CC557F3006E92E1 /* Role+CoreDataProperties.m */,
				2F5332541CC154C3006E92E1 /* Server.h */,
				2F5332551CC154C3006E92E1 /* Server.m */,
				2F5332CF1CC557F3006E92E1 /* Server+CoreDataProperties.h */,
				2F5332D01CC557F3006E92E1 /* Server+CoreDataProperties.m */,
				2F5332581CC154C3006E92E1 /* StaticLayer.h */,
				2F5332591CC154C3006E92E1 /* StaticLayer.m */,
				2F5332D11CC557F3006E92E1 /* StaticLayer+CoreDataProperties.h */,
				2F5332D21CC557F3006E92E1 /* StaticLayer+CoreDataProperties.m */,
				2F53325C1CC154C3006E92E1 /* Team.h */,
				2F53325D1CC154C3006E92E1 /* Team.m */,
				2F5332C91CC557F3006E92E1 /* Team+CoreDataProperties.h */,
				2F5332CA1CC557F3006E92E1 /* Team+CoreDataProperties.m */,
				2F5332601CC154C3006E92E1 /* User.h */,
				2F5332611CC154C3006E92E1 /* User.m */,
				2F5332CB1CC557F3006E92E1 /* User+CoreDataProperties.h */,
				2F5332CC1CC557F3006E92E1 /* User+CoreDataProperties.m */,
			);
			name = CoreData;
			sourceTree = "<group>";
		};
		F7E35844191BDF29004EA79D /* Models */ = {
			isa = PBXGroup;
			children = (
				F739EFF31AB1E41E003A6E4B /* CoreData */,
				F7C5FB79195DDFF30065379C /* Form.h */,
				F7C5FB7A195DDFF30065379C /* Form.m */,
				F7B679731959CF2D0035596A /* MageEnums.h */,
				F7B679741959CF2D0035596A /* MageEnums.m */,
			);
			name = Models;
			sourceTree = "<group>";
		};
		F7F1335F1975855200E79762 /* Utilities */ = {
			isa = PBXGroup;
			children = (
				F7F133601975857000E79762 /* UserUtility.h */,
				F7F133611975857000E79762 /* UserUtility.m */,
				048E23D31EAFACDF0001DB3E /* GeometryUtility.h */,
				048E23D41EAFACDF0001DB3E /* GeometryUtility.m */,
			);
			name = Utilities;
			sourceTree = "<group>";
		};
/* End PBXGroup section */

/* Begin PBXNativeTarget section */
		4CAF957118C62E0100A41CB8 /* mage-ios-sdk */ = {
			isa = PBXNativeTarget;
			buildConfigurationList = 4CAF959518C62E0100A41CB8 /* Build configuration list for PBXNativeTarget "mage-ios-sdk" */;
			buildPhases = (
				4461E2209F748E49902E6C38 /* [CP] Check Pods Manifest.lock */,
				4CAF956E18C62E0100A41CB8 /* Sources */,
				4CAF956F18C62E0100A41CB8 /* Frameworks */,
				4CAF957018C62E0100A41CB8 /* CopyFiles */,
			);
			buildRules = (
			);
			dependencies = (
			);
			name = "mage-ios-sdk";
			productName = "mage-ios-sdk";
			productReference = 4CAF957218C62E0100A41CB8 /* libmage-ios-sdk.a */;
			productType = "com.apple.product-type.library.static";
		};
		4CAF958118C62E0100A41CB8 /* mage-ios-sdkTests */ = {
			isa = PBXNativeTarget;
			buildConfigurationList = 4CAF959818C62E0100A41CB8 /* Build configuration list for PBXNativeTarget "mage-ios-sdkTests" */;
			buildPhases = (
				5153441CB01B5A28A441C8FF /* [CP] Check Pods Manifest.lock */,
				BB7E186987DD093C5A950B50 /* [CP] Check Pods Manifest.lock */,
				4CAF957E18C62E0100A41CB8 /* Sources */,
				4CAF957F18C62E0100A41CB8 /* Frameworks */,
				4CAF958018C62E0100A41CB8 /* Resources */,
				038239C1F41BF04C6741B174 /* 📦 Copy Pods Resources */,
				C64530B573638104E8FA55BD /* [CP] Embed Pods Frameworks */,
			);
			buildRules = (
			);
			dependencies = (
				4CAF958918C62E0100A41CB8 /* PBXTargetDependency */,
			);
			name = "mage-ios-sdkTests";
			productName = "mage-ios-sdkTests";
			productReference = 4CAF958218C62E0100A41CB8 /* mage-ios-sdkTests.xctest */;
			productType = "com.apple.product-type.bundle.unit-test";
		};
/* End PBXNativeTarget section */

/* Begin PBXProject section */
		4CAF956A18C62E0100A41CB8 /* Project object */ = {
			isa = PBXProject;
			attributes = {
				LastUpgradeCheck = 0500;
				ORGANIZATIONNAME = "National Geospatial-Intelligence Agency";
			};
			buildConfigurationList = 4CAF956D18C62E0100A41CB8 /* Build configuration list for PBXProject "mage-ios-sdk" */;
			compatibilityVersion = "Xcode 3.2";
			developmentRegion = English;
			hasScannedForEncodings = 0;
			knownRegions = (
				en,
			);
			mainGroup = 4CAF956918C62E0100A41CB8;
			productRefGroup = 4CAF957318C62E0100A41CB8 /* Products */;
			projectDirPath = "";
			projectRoot = "";
			targets = (
				4CAF957118C62E0100A41CB8 /* mage-ios-sdk */,
				4CAF958118C62E0100A41CB8 /* mage-ios-sdkTests */,
			);
		};
/* End PBXProject section */

/* Begin PBXResourcesBuildPhase section */
		4CAF958018C62E0100A41CB8 /* Resources */ = {
			isa = PBXResourcesBuildPhase;
			buildActionMask = 2147483647;
			files = (
				4CAF959018C62E0100A41CB8 /* InfoPlist.strings in Resources */,
			);
			runOnlyForDeploymentPostprocessing = 0;
		};
/* End PBXResourcesBuildPhase section */

/* Begin PBXShellScriptBuildPhase section */
		038239C1F41BF04C6741B174 /* 📦 Copy Pods Resources */ = {
			isa = PBXShellScriptBuildPhase;
			buildActionMask = 2147483647;
			files = (
			);
			inputPaths = (
			);
			name = "📦 Copy Pods Resources";
			outputPaths = (
			);
			runOnlyForDeploymentPostprocessing = 0;
			shellPath = /bin/sh;
			shellScript = "\"${SRCROOT}/Pods/Target Support Files/Pods-mage-ios-sdkTests/Pods-mage-ios-sdkTests-resources.sh\"\n";
			showEnvVarsInLog = 0;
		};
		4461E2209F748E49902E6C38 /* [CP] Check Pods Manifest.lock */ = {
			isa = PBXShellScriptBuildPhase;
			buildActionMask = 2147483647;
			files = (
			);
			inputPaths = (
				"${PODS_PODFILE_DIR_PATH}/Podfile.lock",
				"${PODS_ROOT}/Manifest.lock",
			);
			name = "[CP] Check Pods Manifest.lock";
			outputPaths = (
				"$(DERIVED_FILE_DIR)/Pods-mage-ios-sdk-checkManifestLockResult.txt",
			);
			runOnlyForDeploymentPostprocessing = 0;
			shellPath = /bin/sh;
			shellScript = "diff \"${PODS_PODFILE_DIR_PATH}/Podfile.lock\" \"${PODS_ROOT}/Manifest.lock\" > /dev/null\nif [ $? != 0 ] ; then\n    # print error to STDERR\n    echo \"error: The sandbox is not in sync with the Podfile.lock. Run 'pod install' or update your CocoaPods installation.\" >&2\n    exit 1\nfi\n# This output is used by Xcode 'outputs' to avoid re-running this script phase.\necho \"SUCCESS\" > \"${SCRIPT_OUTPUT_FILE_0}\"\n";
			showEnvVarsInLog = 0;
		};
		5153441CB01B5A28A441C8FF /* [CP] Check Pods Manifest.lock */ = {
			isa = PBXShellScriptBuildPhase;
			buildActionMask = 2147483647;
			files = (
			);
			inputPaths = (
				"${PODS_PODFILE_DIR_PATH}/Podfile.lock",
				"${PODS_ROOT}/Manifest.lock",
			);
			name = "[CP] Check Pods Manifest.lock";
			outputPaths = (
				"$(DERIVED_FILE_DIR)/Pods-mage-ios-sdkTests-checkManifestLockResult.txt",
			);
			runOnlyForDeploymentPostprocessing = 0;
			shellPath = /bin/sh;
			shellScript = "diff \"${PODS_PODFILE_DIR_PATH}/Podfile.lock\" \"${PODS_ROOT}/Manifest.lock\" > /dev/null\nif [ $? != 0 ] ; then\n    # print error to STDERR\n    echo \"error: The sandbox is not in sync with the Podfile.lock. Run 'pod install' or update your CocoaPods installation.\" >&2\n    exit 1\nfi\n# This output is used by Xcode 'outputs' to avoid re-running this script phase.\necho \"SUCCESS\" > \"${SCRIPT_OUTPUT_FILE_0}\"\n";
			showEnvVarsInLog = 0;
		};
		BB7E186987DD093C5A950B50 /* [CP] Check Pods Manifest.lock */ = {
			isa = PBXShellScriptBuildPhase;
			buildActionMask = 2147483647;
			files = (
			);
			inputPaths = (
			);
			name = "[CP] Check Pods Manifest.lock";
			outputPaths = (
			);
			runOnlyForDeploymentPostprocessing = 0;
			shellPath = /bin/sh;
			shellScript = "diff \"${PODS_ROOT}/../Podfile.lock\" \"${PODS_ROOT}/Manifest.lock\" > /dev/null\nif [ $? != 0 ] ; then\n    # print error to STDERR\n    echo \"error: The sandbox is not in sync with the Podfile.lock. Run 'pod install' or update your CocoaPods installation.\" >&2\n    exit 1\nfi\n";
			showEnvVarsInLog = 0;
		};
		C64530B573638104E8FA55BD /* [CP] Embed Pods Frameworks */ = {
			isa = PBXShellScriptBuildPhase;
			buildActionMask = 2147483647;
			files = (
			);
			inputPaths = (
				"${SRCROOT}/Pods/Target Support Files/Pods-mage-ios-sdkTests/Pods-mage-ios-sdkTests-frameworks.sh",
				"${BUILT_PRODUCTS_DIR}/OHHTTPStubs/OHHTTPStubs.framework",
				"${BUILT_PRODUCTS_DIR}/TRVSMonitor/TRVSMonitor.framework",
				"${BUILT_PRODUCTS_DIR}/AFNetworking/AFNetworking.framework",
				"${BUILT_PRODUCTS_DIR}/DateTools/DateTools.framework",
				"${BUILT_PRODUCTS_DIR}/MagicalRecord/MagicalRecord.framework",
				"${BUILT_PRODUCTS_DIR}/geopackage-ios/geopackage_ios.framework",
				"${BUILT_PRODUCTS_DIR}/objective-zip/objective_zip.framework",
				"${BUILT_PRODUCTS_DIR}/proj4-ios/proj4_ios.framework",
				"${BUILT_PRODUCTS_DIR}/sf-ios/sf_ios.framework",
				"${BUILT_PRODUCTS_DIR}/sf-proj-ios/sf_proj_ios.framework",
				"${BUILT_PRODUCTS_DIR}/sf-wkb-ios/sf_wkb_ios.framework",
				"${BUILT_PRODUCTS_DIR}/tiff-ios/tiff_ios.framework",
			);
			name = "[CP] Embed Pods Frameworks";
			outputPaths = (
				"${TARGET_BUILD_DIR}/${FRAMEWORKS_FOLDER_PATH}/OHHTTPStubs.framework",
				"${TARGET_BUILD_DIR}/${FRAMEWORKS_FOLDER_PATH}/TRVSMonitor.framework",
				"${TARGET_BUILD_DIR}/${FRAMEWORKS_FOLDER_PATH}/AFNetworking.framework",
				"${TARGET_BUILD_DIR}/${FRAMEWORKS_FOLDER_PATH}/DateTools.framework",
				"${TARGET_BUILD_DIR}/${FRAMEWORKS_FOLDER_PATH}/MagicalRecord.framework",
				"${TARGET_BUILD_DIR}/${FRAMEWORKS_FOLDER_PATH}/geopackage_ios.framework",
				"${TARGET_BUILD_DIR}/${FRAMEWORKS_FOLDER_PATH}/objective_zip.framework",
				"${TARGET_BUILD_DIR}/${FRAMEWORKS_FOLDER_PATH}/proj4_ios.framework",
				"${TARGET_BUILD_DIR}/${FRAMEWORKS_FOLDER_PATH}/sf_ios.framework",
				"${TARGET_BUILD_DIR}/${FRAMEWORKS_FOLDER_PATH}/sf_proj_ios.framework",
				"${TARGET_BUILD_DIR}/${FRAMEWORKS_FOLDER_PATH}/sf_wkb_ios.framework",
				"${TARGET_BUILD_DIR}/${FRAMEWORKS_FOLDER_PATH}/tiff_ios.framework",
			);
			runOnlyForDeploymentPostprocessing = 0;
			shellPath = /bin/sh;
			shellScript = "\"${SRCROOT}/Pods/Target Support Files/Pods-mage-ios-sdkTests/Pods-mage-ios-sdkTests-frameworks.sh\"\n";
			showEnvVarsInLog = 0;
		};
/* End PBXShellScriptBuildPhase section */

/* Begin PBXSourcesBuildPhase section */
		4CAF956E18C62E0100A41CB8 /* Sources */ = {
			isa = PBXSourcesBuildPhase;
			buildActionMask = 2147483647;
			files = (
				2F2190171FC5D247001E4A84 /* NotificationRequester.m in Sources */,
				F79E5D0E21138E3F004C3902 /* Canary.m in Sources */,
				2F2A76EB19A7DE8D0008E7DD /* ObservationFetchService.m in Sources */,
				2F2190251FC5D25D001E4A84 /* mage-ios-sdk.xcdatamodeld in Sources */,
				2F5332DC1CC557F3006E92E1 /* Location+CoreDataProperties.m in Sources */,
				040B51BF1EAE82500025E7D9 /* GeometryDeserializer.m in Sources */,
				2F92D10F1D91CD6900CC0149 /* ObservationFavorite+CoreDataProperties.m in Sources */,
				2FFE499819EC347300BC8922 /* MageServer.m in Sources */,
				2F5332681CC154C3006E92E1 /* GPSLocation.m in Sources */,
				2F5332DD1CC557F3006E92E1 /* Server+CoreDataProperties.m in Sources */,
				F7F133621975857000E79762 /* UserUtility.m in Sources */,
				F76655861A30EAEB00558EBB /* AttachmentPushService.m in Sources */,
				2F58BC261BFBBFE500B3B09D /* OAuthAuthentication.m in Sources */,
				049C654A1E53A9FB005F4FA4 /* SessionTaskQueue.m in Sources */,
				2F01653319A2A88D00C4862B /* LocationService.m in Sources */,
				2F53326E1CC154C3006E92E1 /* Observation.m in Sources */,
				2FA2C7EC1EA2AAD80074C8B3 /* Observation+CoreDataProperties.m in Sources */,
				F7A87F351AA51695001AEDF4 /* Mage.m in Sources */,
				049C654D1E53B571005F4FA4 /* SessionTask.m in Sources */,
				2F01652D199D1C6D00C4862B /* LocationFetchService.m in Sources */,
				2F5332641CC154C3006E92E1 /* Attachment.m in Sources */,
				F7F7B7D91A6EDE1100270D61 /* StoredPassword.m in Sources */,
				2FA5712C1D904D4A00B2F0CE /* ObservationImportant.m in Sources */,
				2F58BC291BFBF64000B3B09D /* MagicalRecord+MAGE.m in Sources */,
				2F5332DB1CC557F3006E92E1 /* User+CoreDataProperties.m in Sources */,
				048E23D81EAFD8B40001DB3E /* GeometrySerializer.m in Sources */,
				F768E9CE191D1C7B003287E3 /* MageSessionManager.m in Sources */,
				F75DD31A1A9F9F230007FA3F /* NSString+Contains.m in Sources */,
				2F5332D81CC557F3006E92E1 /* Role+CoreDataProperties.m in Sources */,
				F7971BD61A03F50D001505F0 /* ObservationPushService.m in Sources */,
				2F5332DA1CC557F3006E92E1 /* Team+CoreDataProperties.m in Sources */,
				2F5332DF1CC557F3006E92E1 /* Layer+CoreDataProperties.m in Sources */,
				2F5332661CC154C3006E92E1 /* Event.m in Sources */,
				049C65501E55E60E005F4FA4 /* TaskSessionManager.m in Sources */,
				2F5332701CC154C3006E92E1 /* Role.m in Sources */,
				2F5332D51CC557F3006E92E1 /* GPSLocation+CoreDataProperties.m in Sources */,
				F79E5D0F21138E3F004C3902 /* Canary+CoreDataProperties.m in Sources */,
				2F5332D71CC557F3006E92E1 /* Attachment+CoreDataProperties.m in Sources */,
				F7B679751959CF2D0035596A /* MageEnums.m in Sources */,
				2F5332781CC154C3006E92E1 /* User.m in Sources */,
				2F5332D91CC557F3006E92E1 /* Event+CoreDataProperties.m in Sources */,
				2F2190141FC5D22E001E4A84 /* ObservationImage.m in Sources */,
				2F92D10E1D91CD6900CC0149 /* ObservationFavorite.m in Sources */,
				2F53326A1CC154C3006E92E1 /* Layer.m in Sources */,
				F768E9CB191D0E6E003287E3 /* ServerAuthentication.m in Sources */,
				2F2190111FC5D218001E4A84 /* GoogleAuthentication.m in Sources */,
				2FA5712D1D904D4A00B2F0CE /* ObservationImportant+CoreDataProperties.m in Sources */,
				2F5332741CC154C3006E92E1 /* StaticLayer.m in Sources */,
				2F5332721CC154C3006E92E1 /* Server.m in Sources */,
				048E23D51EAFACDF0001DB3E /* GeometryUtility.m in Sources */,
				2F5332DE1CC557F3006E92E1 /* StaticLayer+CoreDataProperties.m in Sources */,
				4CAF95A318C6616300A41CB8 /* Authentication.m in Sources */,
				F7C5FB7B195DDFF30065379C /* Form.m in Sources */,
				4CAF95A018C62F7C00A41CB8 /* LocalAuthentication.m in Sources */,
				2F53326C1CC154C3006E92E1 /* Location.m in Sources */,
				2F5332761CC154C3006E92E1 /* Team.m in Sources */,
				2F01653A19A4F11E00C4862B /* NSDate+Iso8601.m in Sources */,
			);
			runOnlyForDeploymentPostprocessing = 0;
		};
		4CAF957E18C62E0100A41CB8 /* Sources */ = {
			isa = PBXSourcesBuildPhase;
			buildActionMask = 2147483647;
			files = (
				F768E9C8191D095B003287E3 /* ObservationTests.m in Sources */,
				4CAF959218C62E0100A41CB8 /* AuthenticationTests.m in Sources */,
			);
			runOnlyForDeploymentPostprocessing = 0;
		};
/* End PBXSourcesBuildPhase section */

/* Begin PBXTargetDependency section */
		4CAF958918C62E0100A41CB8 /* PBXTargetDependency */ = {
			isa = PBXTargetDependency;
			target = 4CAF957118C62E0100A41CB8 /* mage-ios-sdk */;
			targetProxy = 4CAF958818C62E0100A41CB8 /* PBXContainerItemProxy */;
		};
/* End PBXTargetDependency section */

/* Begin PBXVariantGroup section */
		4CAF958E18C62E0100A41CB8 /* InfoPlist.strings */ = {
			isa = PBXVariantGroup;
			children = (
				4CAF958F18C62E0100A41CB8 /* en */,
			);
			name = InfoPlist.strings;
			sourceTree = "<group>";
		};
/* End PBXVariantGroup section */

/* Begin XCBuildConfiguration section */
		4CAF959318C62E0100A41CB8 /* Debug */ = {
			isa = XCBuildConfiguration;
			buildSettings = {
				ALWAYS_SEARCH_USER_PATHS = NO;
				CLANG_CXX_LANGUAGE_STANDARD = "gnu++0x";
				CLANG_CXX_LIBRARY = "libc++";
				CLANG_ENABLE_MODULES = YES;
				CLANG_ENABLE_OBJC_ARC = YES;
				CLANG_WARN_BOOL_CONVERSION = YES;
				CLANG_WARN_CONSTANT_CONVERSION = YES;
				CLANG_WARN_DIRECT_OBJC_ISA_USAGE = YES_ERROR;
				CLANG_WARN_EMPTY_BODY = YES;
				CLANG_WARN_ENUM_CONVERSION = YES;
				CLANG_WARN_INT_CONVERSION = YES;
				CLANG_WARN_OBJC_ROOT_CLASS = YES_ERROR;
				CLANG_WARN__DUPLICATE_METHOD_MATCH = YES;
				COPY_PHASE_STRIP = NO;
				GCC_C_LANGUAGE_STANDARD = gnu99;
				GCC_DYNAMIC_NO_PIC = NO;
				GCC_OPTIMIZATION_LEVEL = 0;
				GCC_PREPROCESSOR_DEFINITIONS = (
					"DEBUG=1",
					"$(inherited)",
				);
				GCC_SYMBOLS_PRIVATE_EXTERN = NO;
				GCC_WARN_64_TO_32_BIT_CONVERSION = YES;
				GCC_WARN_ABOUT_RETURN_TYPE = YES_ERROR;
				GCC_WARN_UNDECLARED_SELECTOR = YES;
				GCC_WARN_UNINITIALIZED_AUTOS = YES;
				GCC_WARN_UNUSED_FUNCTION = YES;
				GCC_WARN_UNUSED_VARIABLE = YES;
				IPHONEOS_DEPLOYMENT_TARGET = 10.0;
				ONLY_ACTIVE_ARCH = YES;
				SDKROOT = iphoneos;
			};
			name = Debug;
		};
		4CAF959418C62E0100A41CB8 /* Release */ = {
			isa = XCBuildConfiguration;
			buildSettings = {
				ALWAYS_SEARCH_USER_PATHS = NO;
				CLANG_CXX_LANGUAGE_STANDARD = "gnu++0x";
				CLANG_CXX_LIBRARY = "libc++";
				CLANG_ENABLE_MODULES = YES;
				CLANG_ENABLE_OBJC_ARC = YES;
				CLANG_WARN_BOOL_CONVERSION = YES;
				CLANG_WARN_CONSTANT_CONVERSION = YES;
				CLANG_WARN_DIRECT_OBJC_ISA_USAGE = YES_ERROR;
				CLANG_WARN_EMPTY_BODY = YES;
				CLANG_WARN_ENUM_CONVERSION = YES;
				CLANG_WARN_INT_CONVERSION = YES;
				CLANG_WARN_OBJC_ROOT_CLASS = YES_ERROR;
				CLANG_WARN__DUPLICATE_METHOD_MATCH = YES;
				COPY_PHASE_STRIP = YES;
				ENABLE_NS_ASSERTIONS = NO;
				GCC_C_LANGUAGE_STANDARD = gnu99;
				GCC_WARN_64_TO_32_BIT_CONVERSION = YES;
				GCC_WARN_ABOUT_RETURN_TYPE = YES_ERROR;
				GCC_WARN_UNDECLARED_SELECTOR = YES;
				GCC_WARN_UNINITIALIZED_AUTOS = YES;
				GCC_WARN_UNUSED_FUNCTION = YES;
				GCC_WARN_UNUSED_VARIABLE = YES;
				IPHONEOS_DEPLOYMENT_TARGET = 10.0;
				SDKROOT = iphoneos;
				VALIDATE_PRODUCT = YES;
			};
			name = Release;
		};
		4CAF959618C62E0100A41CB8 /* Debug */ = {
			isa = XCBuildConfiguration;
			baseConfigurationReference = 5EB6050198AAD2B29ED45ACD /* Pods-mage-ios-sdk.debug.xcconfig */;
			buildSettings = {
				DSTROOT = /tmp/mage_ios_sdk.dst;
				GCC_PRECOMPILE_PREFIX_HEADER = YES;
				GCC_PREFIX_HEADER = "MAGE/mage-ios-sdk-Prefix.pch";
				OTHER_LDFLAGS = "$(inherited)";
				PRODUCT_NAME = "$(TARGET_NAME)";
				SKIP_INSTALL = YES;
			};
			name = Debug;
		};
		4CAF959718C62E0100A41CB8 /* Release */ = {
			isa = XCBuildConfiguration;
			baseConfigurationReference = 660A743D10C89FF65CE337F3 /* Pods-mage-ios-sdk.release.xcconfig */;
			buildSettings = {
				DSTROOT = /tmp/mage_ios_sdk.dst;
				GCC_PRECOMPILE_PREFIX_HEADER = YES;
				GCC_PREFIX_HEADER = "MAGE/mage-ios-sdk-Prefix.pch";
				OTHER_LDFLAGS = "$(inherited)";
				PRODUCT_NAME = "$(TARGET_NAME)";
				SKIP_INSTALL = YES;
			};
			name = Release;
		};
		4CAF959918C62E0100A41CB8 /* Debug */ = {
			isa = XCBuildConfiguration;
			baseConfigurationReference = 595D169C90A86905653E937D /* Pods-mage-ios-sdkTests.debug.xcconfig */;
			buildSettings = {
				FRAMEWORK_SEARCH_PATHS = (
					"$(SDKROOT)/Developer/Library/Frameworks",
					"$(DEVELOPER_FRAMEWORKS_DIR)",
					"$(inherited)",
				);
				GCC_PRECOMPILE_PREFIX_HEADER = YES;
				GCC_PREFIX_HEADER = "MAGE/mage-ios-sdk-Prefix.pch";
				GCC_PREPROCESSOR_DEFINITIONS = (
					"DEBUG=1",
					"$(inherited)",
				);
				INFOPLIST_FILE = "mage-ios-sdkTests/mage-ios-sdkTests-Info.plist";
				OTHER_LDFLAGS = (
					"-l\"Pods-mage-ios-sdkTests-AFNetworking\"",
					"-l\"Pods-mage-ios-sdkTests-DateTools\"",
					"-l\"Pods-mage-ios-sdkTests-MagicalRecord\"",
					"-l\"Pods-mage-ios-sdkTests-OHHTTPStubs\"",
					"-l\"Pods-mage-ios-sdkTests-TRVSMonitor\"",
					"-l\"Pods-mage-ios-sdkTests-objective-zip\"",
					"-l\"z\"",
					"-framework",
					"\"CFNetwork\"",
					"-framework",
					"\"CoreData\"",
					"-framework",
					"\"CoreGraphics\"",
					"-framework",
					"\"Foundation\"",
					"-framework",
					"\"MobileCoreServices\"",
					"-framework",
					"\"Security\"",
					"-framework",
					"\"SystemConfiguration\"",
					"$(inherited)",
				);
				PRODUCT_NAME = "$(TARGET_NAME)";
				WRAPPER_EXTENSION = xctest;
			};
			name = Debug;
		};
		4CAF959A18C62E0100A41CB8 /* Release */ = {
			isa = XCBuildConfiguration;
			baseConfigurationReference = ED58FFB6E12F877BD465D73F /* Pods-mage-ios-sdkTests.release.xcconfig */;
			buildSettings = {
				FRAMEWORK_SEARCH_PATHS = (
					"$(SDKROOT)/Developer/Library/Frameworks",
					"$(DEVELOPER_FRAMEWORKS_DIR)",
					"$(inherited)",
				);
				GCC_PRECOMPILE_PREFIX_HEADER = YES;
				GCC_PREFIX_HEADER = "MAGE/mage-ios-sdk-Prefix.pch";
				INFOPLIST_FILE = "mage-ios-sdkTests/mage-ios-sdkTests-Info.plist";
				OTHER_LDFLAGS = (
					"-l\"Pods-mage-ios-sdkTests-AFNetworking\"",
					"-l\"Pods-mage-ios-sdkTests-DateTools\"",
					"-l\"Pods-mage-ios-sdkTests-MagicalRecord\"",
					"-l\"Pods-mage-ios-sdkTests-OHHTTPStubs\"",
					"-l\"Pods-mage-ios-sdkTests-TRVSMonitor\"",
					"-l\"Pods-mage-ios-sdkTests-objective-zip\"",
					"-l\"z\"",
					"-framework",
					"\"CFNetwork\"",
					"-framework",
					"\"CoreData\"",
					"-framework",
					"\"CoreGraphics\"",
					"-framework",
					"\"Foundation\"",
					"-framework",
					"\"MobileCoreServices\"",
					"-framework",
					"\"Security\"",
					"-framework",
					"\"SystemConfiguration\"",
					"$(inherited)",
				);
				PRODUCT_NAME = "$(TARGET_NAME)";
				WRAPPER_EXTENSION = xctest;
			};
			name = Release;
		};
/* End XCBuildConfiguration section */

/* Begin XCConfigurationList section */
		4CAF956D18C62E0100A41CB8 /* Build configuration list for PBXProject "mage-ios-sdk" */ = {
			isa = XCConfigurationList;
			buildConfigurations = (
				4CAF959318C62E0100A41CB8 /* Debug */,
				4CAF959418C62E0100A41CB8 /* Release */,
			);
			defaultConfigurationIsVisible = 0;
			defaultConfigurationName = Release;
		};
		4CAF959518C62E0100A41CB8 /* Build configuration list for PBXNativeTarget "mage-ios-sdk" */ = {
			isa = XCConfigurationList;
			buildConfigurations = (
				4CAF959618C62E0100A41CB8 /* Debug */,
				4CAF959718C62E0100A41CB8 /* Release */,
			);
			defaultConfigurationIsVisible = 0;
			defaultConfigurationName = Release;
		};
		4CAF959818C62E0100A41CB8 /* Build configuration list for PBXNativeTarget "mage-ios-sdkTests" */ = {
			isa = XCConfigurationList;
			buildConfigurations = (
				4CAF959918C62E0100A41CB8 /* Debug */,
				4CAF959A18C62E0100A41CB8 /* Release */,
			);
			defaultConfigurationIsVisible = 0;
			defaultConfigurationName = Release;
		};
/* End XCConfigurationList section */

/* Begin XCVersionGroup section */
		2F2190181FC5D25D001E4A84 /* mage-ios-sdk.xcdatamodeld */ = {
			isa = XCVersionGroup;
			children = (
				F75EE9542113859F00EDBE8E /* mage-ios-sdk 14.xcdatamodel */,
				F7FEF8BE20BEE52B006C0D70 /* mage-ios-sdk 13.xcdatamodel */,
				2F2190191FC5D25D001E4A84 /* mage-ios-sdk 10.xcdatamodel */,
				2F21901A1FC5D25D001E4A84 /* mage-ios-sdk 11.xcdatamodel */,
				2F21901B1FC5D25D001E4A84 /* mage-ios-sdk 12.xcdatamodel */,
				2F21901C1FC5D25D001E4A84 /* mage-ios-sdk 2.xcdatamodel */,
				2F21901D1FC5D25D001E4A84 /* mage-ios-sdk 3.xcdatamodel */,
				2F21901E1FC5D25D001E4A84 /* mage-ios-sdk 4.xcdatamodel */,
				2F21901F1FC5D25D001E4A84 /* mage-ios-sdk 5.xcdatamodel */,
				2F2190201FC5D25D001E4A84 /* mage-ios-sdk 6.xcdatamodel */,
				2F2190211FC5D25D001E4A84 /* mage-ios-sdk 7.xcdatamodel */,
				2F2190221FC5D25D001E4A84 /* mage-ios-sdk 8.xcdatamodel */,
				2F2190231FC5D25D001E4A84 /* mage-ios-sdk 9.xcdatamodel */,
				2F2190241FC5D25D001E4A84 /* mage-ios-sdk.xcdatamodel */,
			);
			currentVersion = F75EE9542113859F00EDBE8E /* mage-ios-sdk 14.xcdatamodel */;
			name = "mage-ios-sdk.xcdatamodeld";
			path = "MAGE/mage-ios-sdk.xcdatamodeld";
			sourceTree = "<group>";
			versionGroupType = wrapper.xcdatamodel;
		};
/* End XCVersionGroup section */
	};
	rootObject = 4CAF956A18C62E0100A41CB8 /* Project object */;
}
